// !$*UTF8*$!
{
	archiveVersion = 1;
	classes = {
	};
	objectVersion = 55;
	objects = {

/* Begin PBXBuildFile section */
		A5647C2227678A3C00EDDF81 /* Color+Extension.swift in Sources */ = {isa = PBXBuildFile; fileRef = A5647C2127678A3C00EDDF81 /* Color+Extension.swift */; };
		A5647C2527678BE100EDDF81 /* SplashScreen.swift in Sources */ = {isa = PBXBuildFile; fileRef = A5647C2427678BE100EDDF81 /* SplashScreen.swift */; };
		A5647C292767A13A00EDDF81 /* OnBoarding.swift in Sources */ = {isa = PBXBuildFile; fileRef = A5647C282767A13A00EDDF81 /* OnBoarding.swift */; };
		A5647C2B2767A25900EDDF81 /* Text+Extension.swift in Sources */ = {isa = PBXBuildFile; fileRef = A5647C2A2767A25900EDDF81 /* Text+Extension.swift */; };
		A5647C2E2767AF8700EDDF81 /* PrimaryButtonStyle.swift in Sources */ = {isa = PBXBuildFile; fileRef = A5647C2D2767AF8700EDDF81 /* PrimaryButtonStyle.swift */; };
		A5647C302767B23900EDDF81 /* SecondaryButtonStyle.swift in Sources */ = {isa = PBXBuildFile; fileRef = A5647C2F2767B23900EDDF81 /* SecondaryButtonStyle.swift */; };
		A5647C342767C54D00EDDF81 /* OnBoardingBridge.swift in Sources */ = {isa = PBXBuildFile; fileRef = A5647C332767C54D00EDDF81 /* OnBoardingBridge.swift */; };
		A5647C3627681D3C00EDDF81 /* OnBoardingViewModel.swift in Sources */ = {isa = PBXBuildFile; fileRef = A5647C3527681D3C00EDDF81 /* OnBoardingViewModel.swift */; };
		AE2E32EE2756071900C71E48 /* HomeTabItem.swift in Sources */ = {isa = PBXBuildFile; fileRef = AE2E32ED2756071900C71E48 /* HomeTabItem.swift */; };
		AE2E32F027560C2200C71E48 /* CircleCollection.swift in Sources */ = {isa = PBXBuildFile; fileRef = AE2E32EF27560C2200C71E48 /* CircleCollection.swift */; };
		AE2E32F227560C4F00C71E48 /* RactangleCards.swift in Sources */ = {isa = PBXBuildFile; fileRef = AE2E32F127560C4F00C71E48 /* RactangleCards.swift */; };
		AE2E32F427560C8700C71E48 /* BoxCards.swift in Sources */ = {isa = PBXBuildFile; fileRef = AE2E32F327560C8700C71E48 /* BoxCards.swift */; };
		AE2E32F627560E4200C71E48 /* SearchBar.swift in Sources */ = {isa = PBXBuildFile; fileRef = AE2E32F527560E4200C71E48 /* SearchBar.swift */; };
		AE37C694273A1DB400B5B320 /* roomInt_appApp.swift in Sources */ = {isa = PBXBuildFile; fileRef = AE37C693273A1DB400B5B320 /* roomInt_appApp.swift */; };
		AE37C696273A1DB400B5B320 /* ContentView.swift in Sources */ = {isa = PBXBuildFile; fileRef = AE37C695273A1DB400B5B320 /* ContentView.swift */; };
		AE37C698273A1DB500B5B320 /* Assets.xcassets in Resources */ = {isa = PBXBuildFile; fileRef = AE37C697273A1DB500B5B320 /* Assets.xcassets */; };
		AE37C69B273A1DB500B5B320 /* Preview Assets.xcassets in Resources */ = {isa = PBXBuildFile; fileRef = AE37C69A273A1DB500B5B320 /* Preview Assets.xcassets */; };
		AE613BCD27624C610001A5F3 /* CatalogTabItem.swift in Sources */ = {isa = PBXBuildFile; fileRef = AE613BCC27624C610001A5F3 /* CatalogTabItem.swift */; };
		AED875C227715F4A00DC20CA /* Customer.swift in Sources */ = {isa = PBXBuildFile; fileRef = AED875C127715F4A00DC20CA /* Customer.swift */; };
		AED875C4277160A100DC20CA /* Interior.swift in Sources */ = {isa = PBXBuildFile; fileRef = AED875C3277160A100DC20CA /* Interior.swift */; };
		AED875C62771616A00DC20CA /* Designer.swift in Sources */ = {isa = PBXBuildFile; fileRef = AED875C52771616A00DC20CA /* Designer.swift */; };
		AED875C82771634200DC20CA /* CatalogCards.swift in Sources */ = {isa = PBXBuildFile; fileRef = AED875C72771634200DC20CA /* CatalogCards.swift */; };
		AEE5CDEE2768306000C98C84 /* ConsultTabItem.swift in Sources */ = {isa = PBXBuildFile; fileRef = AEE5CDED2768306000C98C84 /* ConsultTabItem.swift */; };
		AEE5CDF0276834B300C98C84 /* CustomerView.swift in Sources */ = {isa = PBXBuildFile; fileRef = AEE5CDEF276834B300C98C84 /* CustomerView.swift */; };
		AEF6BFC827671CBE008DB169 /* CatalogCollection.swift in Sources */ = {isa = PBXBuildFile; fileRef = AEF6BFC727671CBE008DB169 /* CatalogCollection.swift */; };
		AEF6BFCA27672443008DB169 /* ProfileTabItem.swift in Sources */ = {isa = PBXBuildFile; fileRef = AEF6BFC927672443008DB169 /* ProfileTabItem.swift */; };
		AEF6BFCD27675A38008DB169 /* Bubble.swift in Sources */ = {isa = PBXBuildFile; fileRef = AEF6BFCC27675A38008DB169 /* Bubble.swift */; };
/* End PBXBuildFile section */

/* Begin PBXFileReference section */
		A5647C2127678A3C00EDDF81 /* Color+Extension.swift */ = {isa = PBXFileReference; lastKnownFileType = sourcecode.swift; path = "Color+Extension.swift"; sourceTree = "<group>"; };
		A5647C2427678BE100EDDF81 /* SplashScreen.swift */ = {isa = PBXFileReference; lastKnownFileType = sourcecode.swift; path = SplashScreen.swift; sourceTree = "<group>"; };
		A5647C282767A13A00EDDF81 /* OnBoarding.swift */ = {isa = PBXFileReference; lastKnownFileType = sourcecode.swift; path = OnBoarding.swift; sourceTree = "<group>"; };
		A5647C2A2767A25900EDDF81 /* Text+Extension.swift */ = {isa = PBXFileReference; lastKnownFileType = sourcecode.swift; path = "Text+Extension.swift"; sourceTree = "<group>"; };
		A5647C2D2767AF8700EDDF81 /* PrimaryButtonStyle.swift */ = {isa = PBXFileReference; lastKnownFileType = sourcecode.swift; path = PrimaryButtonStyle.swift; sourceTree = "<group>"; };
		A5647C2F2767B23900EDDF81 /* SecondaryButtonStyle.swift */ = {isa = PBXFileReference; lastKnownFileType = sourcecode.swift; path = SecondaryButtonStyle.swift; sourceTree = "<group>"; };
		A5647C332767C54D00EDDF81 /* OnBoardingBridge.swift */ = {isa = PBXFileReference; fileEncoding = 4; lastKnownFileType = sourcecode.swift; path = OnBoardingBridge.swift; sourceTree = "<group>"; };
		A5647C3527681D3C00EDDF81 /* OnBoardingViewModel.swift */ = {isa = PBXFileReference; lastKnownFileType = sourcecode.swift; path = OnBoardingViewModel.swift; sourceTree = "<group>"; };
		AE2E32ED2756071900C71E48 /* HomeTabItem.swift */ = {isa = PBXFileReference; lastKnownFileType = sourcecode.swift; path = HomeTabItem.swift; sourceTree = "<group>"; };
		AE2E32EF27560C2200C71E48 /* CircleCollection.swift */ = {isa = PBXFileReference; lastKnownFileType = sourcecode.swift; path = CircleCollection.swift; sourceTree = "<group>"; };
		AE2E32F127560C4F00C71E48 /* RactangleCards.swift */ = {isa = PBXFileReference; lastKnownFileType = sourcecode.swift; path = RactangleCards.swift; sourceTree = "<group>"; };
		AE2E32F327560C8700C71E48 /* BoxCards.swift */ = {isa = PBXFileReference; lastKnownFileType = sourcecode.swift; path = BoxCards.swift; sourceTree = "<group>"; };
		AE2E32F527560E4200C71E48 /* SearchBar.swift */ = {isa = PBXFileReference; lastKnownFileType = sourcecode.swift; path = SearchBar.swift; sourceTree = "<group>"; };
		AE37C690273A1DB400B5B320 /* roomInt-app.app */ = {isa = PBXFileReference; explicitFileType = wrapper.application; includeInIndex = 0; path = "roomInt-app.app"; sourceTree = BUILT_PRODUCTS_DIR; };
		AE37C693273A1DB400B5B320 /* roomInt_appApp.swift */ = {isa = PBXFileReference; lastKnownFileType = sourcecode.swift; path = roomInt_appApp.swift; sourceTree = "<group>"; };
		AE37C695273A1DB400B5B320 /* ContentView.swift */ = {isa = PBXFileReference; lastKnownFileType = sourcecode.swift; path = ContentView.swift; sourceTree = "<group>"; };
		AE37C697273A1DB500B5B320 /* Assets.xcassets */ = {isa = PBXFileReference; lastKnownFileType = folder.assetcatalog; path = Assets.xcassets; sourceTree = "<group>"; };
		AE37C69A273A1DB500B5B320 /* Preview Assets.xcassets */ = {isa = PBXFileReference; lastKnownFileType = folder.assetcatalog; path = "Preview Assets.xcassets"; sourceTree = "<group>"; };
		AE613BCC27624C610001A5F3 /* CatalogTabItem.swift */ = {isa = PBXFileReference; lastKnownFileType = sourcecode.swift; path = CatalogTabItem.swift; sourceTree = "<group>"; };
		AED875C127715F4A00DC20CA /* Customer.swift */ = {isa = PBXFileReference; lastKnownFileType = sourcecode.swift; path = Customer.swift; sourceTree = "<group>"; };
		AED875C3277160A100DC20CA /* Interior.swift */ = {isa = PBXFileReference; lastKnownFileType = sourcecode.swift; path = Interior.swift; sourceTree = "<group>"; };
		AED875C52771616A00DC20CA /* Designer.swift */ = {isa = PBXFileReference; lastKnownFileType = sourcecode.swift; path = Designer.swift; sourceTree = "<group>"; };
		AED875C72771634200DC20CA /* CatalogCards.swift */ = {isa = PBXFileReference; lastKnownFileType = sourcecode.swift; path = CatalogCards.swift; sourceTree = "<group>"; };
		AEE5CDED2768306000C98C84 /* ConsultTabItem.swift */ = {isa = PBXFileReference; lastKnownFileType = sourcecode.swift; path = ConsultTabItem.swift; sourceTree = "<group>"; };
		AEE5CDEF276834B300C98C84 /* CustomerView.swift */ = {isa = PBXFileReference; lastKnownFileType = sourcecode.swift; path = CustomerView.swift; sourceTree = "<group>"; };
		AEF6BFC727671CBE008DB169 /* CatalogCollection.swift */ = {isa = PBXFileReference; lastKnownFileType = sourcecode.swift; path = CatalogCollection.swift; sourceTree = "<group>"; };
		AEF6BFC927672443008DB169 /* ProfileTabItem.swift */ = {isa = PBXFileReference; lastKnownFileType = sourcecode.swift; path = ProfileTabItem.swift; sourceTree = "<group>"; };
		AEF6BFCC27675A38008DB169 /* Bubble.swift */ = {isa = PBXFileReference; lastKnownFileType = sourcecode.swift; path = Bubble.swift; sourceTree = "<group>"; };
/* End PBXFileReference section */

/* Begin PBXFrameworksBuildPhase section */
		AE37C68D273A1DB400B5B320 /* Frameworks */ = {
			isa = PBXFrameworksBuildPhase;
			buildActionMask = 2147483647;
			files = (
			);
			runOnlyForDeploymentPostprocessing = 0;
		};
/* End PBXFrameworksBuildPhase section */

/* Begin PBXGroup section */
		A5647C2327678BB500EDDF81 /* OnBoarding */ = {
			isa = PBXGroup;
			children = (
				A5647C332767C54D00EDDF81 /* OnBoardingBridge.swift */,
				A5647C282767A13A00EDDF81 /* OnBoarding.swift */,
				A5647C3527681D3C00EDDF81 /* OnBoardingViewModel.swift */,
			);
			path = OnBoarding;
			sourceTree = "<group>";
		};
		A5647C2C2767AF6300EDDF81 /* ReusableView */ = {
			isa = PBXGroup;
			children = (
				A5647C2D2767AF8700EDDF81 /* PrimaryButtonStyle.swift */,
				A5647C2F2767B23900EDDF81 /* SecondaryButtonStyle.swift */,
			);
			path = ReusableView;
			sourceTree = "<group>";
		};
		AE37C687273A1DB400B5B320 = {
			isa = PBXGroup;
			children = (
				AE37C692273A1DB400B5B320 /* roomInt-app */,
				AE37C691273A1DB400B5B320 /* Products */,
			);
			sourceTree = "<group>";
		};
		AE37C691273A1DB400B5B320 /* Products */ = {
			isa = PBXGroup;
			children = (
				AE37C690273A1DB400B5B320 /* roomInt-app.app */,
			);
			name = Products;
			sourceTree = "<group>";
		};
		AE37C692273A1DB400B5B320 /* roomInt-app */ = {
			isa = PBXGroup;
			children = (
				AEBD8381273E419B00588D1A /* Services */,
				AEBD8380273E418F00588D1A /* Constants */,
				AEBD837F273E417E00588D1A /* Repositories */,
				AEBD8378273E40FA00588D1A /* Helpers */,
				AEBD8377273E40DC00588D1A /* Models */,
				AEBD8376273E40D200588D1A /* Designer */,
				AEBD8375273E40CA00588D1A /* Customer */,
				AEBD8374273E40C200588D1A /* Shared */,
				A5647C2C2767AF6300EDDF81 /* ReusableView */,
				AE37C693273A1DB400B5B320 /* roomInt_appApp.swift */,
				A5647C2327678BB500EDDF81 /* OnBoarding */,
				AE37C695273A1DB400B5B320 /* ContentView.swift */,
				A5647C2427678BE100EDDF81 /* SplashScreen.swift */,
				AE37C697273A1DB500B5B320 /* Assets.xcassets */,
				AE37C699273A1DB500B5B320 /* Preview Content */,
			);
			path = "roomInt-app";
			sourceTree = "<group>";
		};
		AE37C699273A1DB500B5B320 /* Preview Content */ = {
			isa = PBXGroup;
			children = (
				AE37C69A273A1DB500B5B320 /* Preview Assets.xcassets */,
			);
			path = "Preview Content";
			sourceTree = "<group>";
		};
		AEBD8374273E40C200588D1A /* Shared */ = {
			isa = PBXGroup;
			children = (
			);
			path = Shared;
			sourceTree = "<group>";
		};
		AEBD8375273E40CA00588D1A /* Customer */ = {
			isa = PBXGroup;
			children = (
				AEE5CDEF276834B300C98C84 /* CustomerView.swift */,
				AEBD837E273E415300588D1A /* Components */,
				AEBD837D273E414D00588D1A /* Views */,
				AEBD837C273E414100588D1A /* ViewModels */,
			);
			path = Customer;
			sourceTree = "<group>";
		};
		AEBD8376273E40D200588D1A /* Designer */ = {
			isa = PBXGroup;
			children = (
				AEBD837B273E413100588D1A /* Components */,
				AEBD837A273E412A00588D1A /* ViewModels */,
				AEBD8379273E411000588D1A /* Views */,
			);
			path = Designer;
			sourceTree = "<group>";
		};
		AEBD8377273E40DC00588D1A /* Models */ = {
			isa = PBXGroup;
			children = (
				AED875C127715F4A00DC20CA /* Customer.swift */,
				AED875C3277160A100DC20CA /* Interior.swift */,
				AED875C52771616A00DC20CA /* Designer.swift */,
			);
			path = Models;
			sourceTree = "<group>";
		};
		AEBD8378273E40FA00588D1A /* Helpers */ = {
			isa = PBXGroup;
			children = (
				A5647C2127678A3C00EDDF81 /* Color+Extension.swift */,
				A5647C2A2767A25900EDDF81 /* Text+Extension.swift */,
			);
			path = Helpers;
			sourceTree = "<group>";
		};
		AEBD8379273E411000588D1A /* Views */ = {
			isa = PBXGroup;
			children = (
			);
			path = Views;
			sourceTree = "<group>";
		};
		AEBD837A273E412A00588D1A /* ViewModels */ = {
			isa = PBXGroup;
			children = (
			);
			path = ViewModels;
			sourceTree = "<group>";
		};
		AEBD837B273E413100588D1A /* Components */ = {
			isa = PBXGroup;
			children = (
			);
			path = Components;
			sourceTree = "<group>";
		};
		AEBD837C273E414100588D1A /* ViewModels */ = {
			isa = PBXGroup;
			children = (
			);
			path = ViewModels;
			sourceTree = "<group>";
		};
		AEBD837D273E414D00588D1A /* Views */ = {
			isa = PBXGroup;
			children = (
				AE2E32ED2756071900C71E48 /* HomeTabItem.swift */,
				AE613BCC27624C610001A5F3 /* CatalogTabItem.swift */,
				AEF6BFC927672443008DB169 /* ProfileTabItem.swift */,
				AEE5CDED2768306000C98C84 /* ConsultTabItem.swift */,
			);
			path = Views;
			sourceTree = "<group>";
		};
		AEBD837E273E415300588D1A /* Components */ = {
			isa = PBXGroup;
			children = (
				AE2E32EF27560C2200C71E48 /* CircleCollection.swift */,
				AE2E32F127560C4F00C71E48 /* RactangleCards.swift */,
				AE2E32F327560C8700C71E48 /* BoxCards.swift */,
				AE2E32F527560E4200C71E48 /* SearchBar.swift */,
				AEF6BFC727671CBE008DB169 /* CatalogCollection.swift */,
				AEF6BFCC27675A38008DB169 /* Bubble.swift */,
				AED875C72771634200DC20CA /* CatalogCards.swift */,
			);
			path = Components;
			sourceTree = "<group>";
		};
		AEBD837F273E417E00588D1A /* Repositories */ = {
			isa = PBXGroup;
			children = (
			);
			path = Repositories;
			sourceTree = "<group>";
		};
		AEBD8380273E418F00588D1A /* Constants */ = {
			isa = PBXGroup;
			children = (
			);
			path = Constants;
			sourceTree = "<group>";
		};
		AEBD8381273E419B00588D1A /* Services */ = {
			isa = PBXGroup;
			children = (
			);
			path = Services;
			sourceTree = "<group>";
		};
/* End PBXGroup section */

/* Begin PBXNativeTarget section */
		AE37C68F273A1DB400B5B320 /* roomInt-app */ = {
			isa = PBXNativeTarget;
			buildConfigurationList = AE37C69E273A1DB500B5B320 /* Build configuration list for PBXNativeTarget "roomInt-app" */;
			buildPhases = (
				AE37C68C273A1DB400B5B320 /* Sources */,
				AE37C68D273A1DB400B5B320 /* Frameworks */,
				AE37C68E273A1DB400B5B320 /* Resources */,
			);
			buildRules = (
			);
			dependencies = (
			);
			name = "roomInt-app";
			productName = "roomInt-app";
			productReference = AE37C690273A1DB400B5B320 /* roomInt-app.app */;
			productType = "com.apple.product-type.application";
		};
/* End PBXNativeTarget section */

/* Begin PBXProject section */
		AE37C688273A1DB400B5B320 /* Project object */ = {
			isa = PBXProject;
			attributes = {
				BuildIndependentTargetsInParallel = 1;
				LastSwiftUpdateCheck = 1300;
				LastUpgradeCheck = 1300;
				TargetAttributes = {
					AE37C68F273A1DB400B5B320 = {
						CreatedOnToolsVersion = 13.0;
					};
				};
			};
			buildConfigurationList = AE37C68B273A1DB400B5B320 /* Build configuration list for PBXProject "roomInt-app" */;
			compatibilityVersion = "Xcode 13.0";
			developmentRegion = en;
			hasScannedForEncodings = 0;
			knownRegions = (
				en,
				Base,
			);
			mainGroup = AE37C687273A1DB400B5B320;
			productRefGroup = AE37C691273A1DB400B5B320 /* Products */;
			projectDirPath = "";
			projectRoot = "";
			targets = (
				AE37C68F273A1DB400B5B320 /* roomInt-app */,
			);
		};
/* End PBXProject section */

/* Begin PBXResourcesBuildPhase section */
		AE37C68E273A1DB400B5B320 /* Resources */ = {
			isa = PBXResourcesBuildPhase;
			buildActionMask = 2147483647;
			files = (
				AE37C69B273A1DB500B5B320 /* Preview Assets.xcassets in Resources */,
				AE37C698273A1DB500B5B320 /* Assets.xcassets in Resources */,
			);
			runOnlyForDeploymentPostprocessing = 0;
		};
/* End PBXResourcesBuildPhase section */

/* Begin PBXSourcesBuildPhase section */
		AE37C68C273A1DB400B5B320 /* Sources */ = {
			isa = PBXSourcesBuildPhase;
			buildActionMask = 2147483647;
			files = (
				AED875C4277160A100DC20CA /* Interior.swift in Sources */,
				AE2E32F627560E4200C71E48 /* SearchBar.swift in Sources */,
				AED875C62771616A00DC20CA /* Designer.swift in Sources */,
				A5647C2E2767AF8700EDDF81 /* PrimaryButtonStyle.swift in Sources */,
				A5647C2527678BE100EDDF81 /* SplashScreen.swift in Sources */,
				A5647C302767B23900EDDF81 /* SecondaryButtonStyle.swift in Sources */,
				AE37C696273A1DB400B5B320 /* ContentView.swift in Sources */,
				AE2E32F427560C8700C71E48 /* BoxCards.swift in Sources */,
				AEE5CDEE2768306000C98C84 /* ConsultTabItem.swift in Sources */,
				AED875C227715F4A00DC20CA /* Customer.swift in Sources */,
				AEE5CDF0276834B300C98C84 /* CustomerView.swift in Sources */,
				AED875C82771634200DC20CA /* CatalogCards.swift in Sources */,
				AE2E32F227560C4F00C71E48 /* RactangleCards.swift in Sources */,
				AE2E32EE2756071900C71E48 /* HomeTabItem.swift in Sources */,
				AE613BCD27624C610001A5F3 /* CatalogTabItem.swift in Sources */,
				AEF6BFCD27675A38008DB169 /* Bubble.swift in Sources */,
				AEF6BFC827671CBE008DB169 /* CatalogCollection.swift in Sources */,
				AE37C694273A1DB400B5B320 /* roomInt_appApp.swift in Sources */,
				AE2E32F027560C2200C71E48 /* CircleCollection.swift in Sources */,
				AEF6BFCA27672443008DB169 /* ProfileTabItem.swift in Sources */,
				A5647C2227678A3C00EDDF81 /* Color+Extension.swift in Sources */,
				A5647C2B2767A25900EDDF81 /* Text+Extension.swift in Sources */,
				A5647C3627681D3C00EDDF81 /* OnBoardingViewModel.swift in Sources */,
				A5647C342767C54D00EDDF81 /* OnBoardingBridge.swift in Sources */,
				A5647C292767A13A00EDDF81 /* OnBoarding.swift in Sources */,
			);
			runOnlyForDeploymentPostprocessing = 0;
		};
/* End PBXSourcesBuildPhase section */

/* Begin XCBuildConfiguration section */
		AE37C69C273A1DB500B5B320 /* Debug */ = {
			isa = XCBuildConfiguration;
			buildSettings = {
				ALWAYS_SEARCH_USER_PATHS = NO;
				CLANG_ANALYZER_NONNULL = YES;
				CLANG_ANALYZER_NUMBER_OBJECT_CONVERSION = YES_AGGRESSIVE;
				CLANG_CXX_LANGUAGE_STANDARD = "gnu++17";
				CLANG_CXX_LIBRARY = "libc++";
				CLANG_ENABLE_MODULES = YES;
				CLANG_ENABLE_OBJC_ARC = YES;
				CLANG_ENABLE_OBJC_WEAK = YES;
				CLANG_WARN_BLOCK_CAPTURE_AUTORELEASING = YES;
				CLANG_WARN_BOOL_CONVERSION = YES;
				CLANG_WARN_COMMA = YES;
				CLANG_WARN_CONSTANT_CONVERSION = YES;
				CLANG_WARN_DEPRECATED_OBJC_IMPLEMENTATIONS = YES;
				CLANG_WARN_DIRECT_OBJC_ISA_USAGE = YES_ERROR;
				CLANG_WARN_DOCUMENTATION_COMMENTS = YES;
				CLANG_WARN_EMPTY_BODY = YES;
				CLANG_WARN_ENUM_CONVERSION = YES;
				CLANG_WARN_INFINITE_RECURSION = YES;
				CLANG_WARN_INT_CONVERSION = YES;
				CLANG_WARN_NON_LITERAL_NULL_CONVERSION = YES;
				CLANG_WARN_OBJC_IMPLICIT_RETAIN_SELF = YES;
				CLANG_WARN_OBJC_LITERAL_CONVERSION = YES;
				CLANG_WARN_OBJC_ROOT_CLASS = YES_ERROR;
				CLANG_WARN_QUOTED_INCLUDE_IN_FRAMEWORK_HEADER = YES;
				CLANG_WARN_RANGE_LOOP_ANALYSIS = YES;
				CLANG_WARN_STRICT_PROTOTYPES = YES;
				CLANG_WARN_SUSPICIOUS_MOVE = YES;
				CLANG_WARN_UNGUARDED_AVAILABILITY = YES_AGGRESSIVE;
				CLANG_WARN_UNREACHABLE_CODE = YES;
				CLANG_WARN__DUPLICATE_METHOD_MATCH = YES;
				COPY_PHASE_STRIP = NO;
				DEBUG_INFORMATION_FORMAT = dwarf;
				ENABLE_STRICT_OBJC_MSGSEND = YES;
				ENABLE_TESTABILITY = YES;
				GCC_C_LANGUAGE_STANDARD = gnu11;
				GCC_DYNAMIC_NO_PIC = NO;
				GCC_NO_COMMON_BLOCKS = YES;
				GCC_OPTIMIZATION_LEVEL = 0;
				GCC_PREPROCESSOR_DEFINITIONS = (
					"DEBUG=1",
					"$(inherited)",
				);
				GCC_WARN_64_TO_32_BIT_CONVERSION = YES;
				GCC_WARN_ABOUT_RETURN_TYPE = YES_ERROR;
				GCC_WARN_UNDECLARED_SELECTOR = YES;
				GCC_WARN_UNINITIALIZED_AUTOS = YES_AGGRESSIVE;
				GCC_WARN_UNUSED_FUNCTION = YES;
				GCC_WARN_UNUSED_VARIABLE = YES;
				IPHONEOS_DEPLOYMENT_TARGET = 15.0;
				MTL_ENABLE_DEBUG_INFO = INCLUDE_SOURCE;
				MTL_FAST_MATH = YES;
				ONLY_ACTIVE_ARCH = YES;
				SDKROOT = iphoneos;
				SWIFT_ACTIVE_COMPILATION_CONDITIONS = DEBUG;
				SWIFT_OPTIMIZATION_LEVEL = "-Onone";
			};
			name = Debug;
		};
		AE37C69D273A1DB500B5B320 /* Release */ = {
			isa = XCBuildConfiguration;
			buildSettings = {
				ALWAYS_SEARCH_USER_PATHS = NO;
				CLANG_ANALYZER_NONNULL = YES;
				CLANG_ANALYZER_NUMBER_OBJECT_CONVERSION = YES_AGGRESSIVE;
				CLANG_CXX_LANGUAGE_STANDARD = "gnu++17";
				CLANG_CXX_LIBRARY = "libc++";
				CLANG_ENABLE_MODULES = YES;
				CLANG_ENABLE_OBJC_ARC = YES;
				CLANG_ENABLE_OBJC_WEAK = YES;
				CLANG_WARN_BLOCK_CAPTURE_AUTORELEASING = YES;
				CLANG_WARN_BOOL_CONVERSION = YES;
				CLANG_WARN_COMMA = YES;
				CLANG_WARN_CONSTANT_CONVERSION = YES;
				CLANG_WARN_DEPRECATED_OBJC_IMPLEMENTATIONS = YES;
				CLANG_WARN_DIRECT_OBJC_ISA_USAGE = YES_ERROR;
				CLANG_WARN_DOCUMENTATION_COMMENTS = YES;
				CLANG_WARN_EMPTY_BODY = YES;
				CLANG_WARN_ENUM_CONVERSION = YES;
				CLANG_WARN_INFINITE_RECURSION = YES;
				CLANG_WARN_INT_CONVERSION = YES;
				CLANG_WARN_NON_LITERAL_NULL_CONVERSION = YES;
				CLANG_WARN_OBJC_IMPLICIT_RETAIN_SELF = YES;
				CLANG_WARN_OBJC_LITERAL_CONVERSION = YES;
				CLANG_WARN_OBJC_ROOT_CLASS = YES_ERROR;
				CLANG_WARN_QUOTED_INCLUDE_IN_FRAMEWORK_HEADER = YES;
				CLANG_WARN_RANGE_LOOP_ANALYSIS = YES;
				CLANG_WARN_STRICT_PROTOTYPES = YES;
				CLANG_WARN_SUSPICIOUS_MOVE = YES;
				CLANG_WARN_UNGUARDED_AVAILABILITY = YES_AGGRESSIVE;
				CLANG_WARN_UNREACHABLE_CODE = YES;
				CLANG_WARN__DUPLICATE_METHOD_MATCH = YES;
				COPY_PHASE_STRIP = NO;
				DEBUG_INFORMATION_FORMAT = "dwarf-with-dsym";
				ENABLE_NS_ASSERTIONS = NO;
				ENABLE_STRICT_OBJC_MSGSEND = YES;
				GCC_C_LANGUAGE_STANDARD = gnu11;
				GCC_NO_COMMON_BLOCKS = YES;
				GCC_WARN_64_TO_32_BIT_CONVERSION = YES;
				GCC_WARN_ABOUT_RETURN_TYPE = YES_ERROR;
				GCC_WARN_UNDECLARED_SELECTOR = YES;
				GCC_WARN_UNINITIALIZED_AUTOS = YES_AGGRESSIVE;
				GCC_WARN_UNUSED_FUNCTION = YES;
				GCC_WARN_UNUSED_VARIABLE = YES;
				IPHONEOS_DEPLOYMENT_TARGET = 15.0;
				MTL_ENABLE_DEBUG_INFO = NO;
				MTL_FAST_MATH = YES;
				SDKROOT = iphoneos;
				SWIFT_COMPILATION_MODE = wholemodule;
				SWIFT_OPTIMIZATION_LEVEL = "-O";
				VALIDATE_PRODUCT = YES;
			};
			name = Release;
		};
		AE37C69F273A1DB500B5B320 /* Debug */ = {
			isa = XCBuildConfiguration;
			buildSettings = {
				ASSETCATALOG_COMPILER_APPICON_NAME = AppIcon;
				ASSETCATALOG_COMPILER_GLOBAL_ACCENT_COLOR_NAME = AccentColor;
				CODE_SIGN_STYLE = Automatic;
				CURRENT_PROJECT_VERSION = 1;
				DEVELOPMENT_ASSET_PATHS = "\"roomInt-app/Preview Content\"";
				DEVELOPMENT_TEAM = 4VR7S48W5N;
				ENABLE_PREVIEWS = YES;
				GENERATE_INFOPLIST_FILE = YES;
				INFOPLIST_KEY_UIApplicationSceneManifest_Generation = YES;
				INFOPLIST_KEY_UIApplicationSupportsIndirectInputEvents = YES;
				INFOPLIST_KEY_UILaunchScreen_Generation = YES;
				INFOPLIST_KEY_UISupportedInterfaceOrientations_iPad = "UIInterfaceOrientationPortrait UIInterfaceOrientationPortraitUpsideDown UIInterfaceOrientationLandscapeLeft UIInterfaceOrientationLandscapeRight";
				INFOPLIST_KEY_UISupportedInterfaceOrientations_iPhone = "UIInterfaceOrientationPortrait UIInterfaceOrientationLandscapeLeft UIInterfaceOrientationLandscapeRight";
				IPHONEOS_DEPLOYMENT_TARGET = 14.0;
				LD_RUNPATH_SEARCH_PATHS = (
					"$(inherited)",
					"@executable_path/Frameworks",
				);
				MARKETING_VERSION = 1.0;
				PRODUCT_BUNDLE_IDENTIFIER = "com.rangga.roomInt-app";
				PRODUCT_NAME = "$(TARGET_NAME)";
				SWIFT_EMIT_LOC_STRINGS = YES;
				SWIFT_VERSION = 5.0;
				TARGETED_DEVICE_FAMILY = "1,2";
			};
			name = Debug;
		};
		AE37C6A0273A1DB500B5B320 /* Release */ = {
			isa = XCBuildConfiguration;
			buildSettings = {
				ASSETCATALOG_COMPILER_APPICON_NAME = AppIcon;
				ASSETCATALOG_COMPILER_GLOBAL_ACCENT_COLOR_NAME = AccentColor;
				CODE_SIGN_STYLE = Automatic;
				CURRENT_PROJECT_VERSION = 1;
				DEVELOPMENT_ASSET_PATHS = "\"roomInt-app/Preview Content\"";
				DEVELOPMENT_TEAM = 4VR7S48W5N;
				ENABLE_PREVIEWS = YES;
				GENERATE_INFOPLIST_FILE = YES;
				INFOPLIST_KEY_UIApplicationSceneManifest_Generation = YES;
				INFOPLIST_KEY_UIApplicationSupportsIndirectInputEvents = YES;
				INFOPLIST_KEY_UILaunchScreen_Generation = YES;
				INFOPLIST_KEY_UISupportedInterfaceOrientations_iPad = "UIInterfaceOrientationPortrait UIInterfaceOrientationPortraitUpsideDown UIInterfaceOrientationLandscapeLeft UIInterfaceOrientationLandscapeRight";
				INFOPLIST_KEY_UISupportedInterfaceOrientations_iPhone = "UIInterfaceOrientationPortrait UIInterfaceOrientationLandscapeLeft UIInterfaceOrientationLandscapeRight";
				IPHONEOS_DEPLOYMENT_TARGET = 14.0;
				LD_RUNPATH_SEARCH_PATHS = (
					"$(inherited)",
					"@executable_path/Frameworks",
				);
				MARKETING_VERSION = 1.0;
				PRODUCT_BUNDLE_IDENTIFIER = "com.rangga.roomInt-app";
				PRODUCT_NAME = "$(TARGET_NAME)";
				SWIFT_EMIT_LOC_STRINGS = YES;
				SWIFT_VERSION = 5.0;
				TARGETED_DEVICE_FAMILY = "1,2";
			};
			name = Release;
		};
/* End XCBuildConfiguration section */

/* Begin XCConfigurationList section */
		AE37C68B273A1DB400B5B320 /* Build configuration list for PBXProject "roomInt-app" */ = {
			isa = XCConfigurationList;
			buildConfigurations = (
				AE37C69C273A1DB500B5B320 /* Debug */,
				AE37C69D273A1DB500B5B320 /* Release */,
			);
			defaultConfigurationIsVisible = 0;
			defaultConfigurationName = Release;
		};
		AE37C69E273A1DB500B5B320 /* Build configuration list for PBXNativeTarget "roomInt-app" */ = {
			isa = XCConfigurationList;
			buildConfigurations = (
				AE37C69F273A1DB500B5B320 /* Debug */,
				AE37C6A0273A1DB500B5B320 /* Release */,
			);
			defaultConfigurationIsVisible = 0;
			defaultConfigurationName = Release;
		};
/* End XCConfigurationList section */
	};
	rootObject = AE37C688273A1DB400B5B320 /* Project object */;
}
