// !$*UTF8*$!
{
	archiveVersion = 1;
	classes = {
	};
	objectVersion = 55;
	objects = {

/* Begin PBXBuildFile section */
		A527AC94277DA160002132D4 /* FirebaseManager.swift in Sources */ = {isa = PBXBuildFile; fileRef = A527AC93277DA160002132D4 /* FirebaseManager.swift */; };
		A527AC97277DA1DF002132D4 /* UserViewModel.swift in Sources */ = {isa = PBXBuildFile; fileRef = A527AC96277DA1DF002132D4 /* UserViewModel.swift */; };
		A552A07B277A7E7300D3BD60 /* ImagePicker.swift in Sources */ = {isa = PBXBuildFile; fileRef = A552A07A277A7E7300D3BD60 /* ImagePicker.swift */; };
		A5647C2227678A3C00EDDF81 /* Color+Extension.swift in Sources */ = {isa = PBXBuildFile; fileRef = A5647C2127678A3C00EDDF81 /* Color+Extension.swift */; };
		A5647C2527678BE100EDDF81 /* SplashScreen.swift in Sources */ = {isa = PBXBuildFile; fileRef = A5647C2427678BE100EDDF81 /* SplashScreen.swift */; };
		A5647C292767A13A00EDDF81 /* OnBoarding.swift in Sources */ = {isa = PBXBuildFile; fileRef = A5647C282767A13A00EDDF81 /* OnBoarding.swift */; };
		A5647C2B2767A25900EDDF81 /* Text+Extension.swift in Sources */ = {isa = PBXBuildFile; fileRef = A5647C2A2767A25900EDDF81 /* Text+Extension.swift */; };
		A5647C2E2767AF8700EDDF81 /* PrimaryButtonStyle.swift in Sources */ = {isa = PBXBuildFile; fileRef = A5647C2D2767AF8700EDDF81 /* PrimaryButtonStyle.swift */; };
		A5647C302767B23900EDDF81 /* SecondaryButtonStyle.swift in Sources */ = {isa = PBXBuildFile; fileRef = A5647C2F2767B23900EDDF81 /* SecondaryButtonStyle.swift */; };
		A5647C342767C54D00EDDF81 /* OnBoardingBridge.swift in Sources */ = {isa = PBXBuildFile; fileRef = A5647C332767C54D00EDDF81 /* OnBoardingBridge.swift */; };
		A5647C3627681D3C00EDDF81 /* OnBoardingViewModel.swift in Sources */ = {isa = PBXBuildFile; fileRef = A5647C3527681D3C00EDDF81 /* OnBoardingViewModel.swift */; };
		A5CCB7432779DB2700ECAF13 /* GoogleService-Info.plist in Resources */ = {isa = PBXBuildFile; fileRef = A5CCB7422779DB2700ECAF13 /* GoogleService-Info.plist */; };
		A5E8F5AD277ED139006F3ABC /* InteriorViewModel.swift in Sources */ = {isa = PBXBuildFile; fileRef = A5E8F5AC277ED139006F3ABC /* InteriorViewModel.swift */; };
		A5F907532779E0A0006ED0BD /* SignupView.swift in Sources */ = {isa = PBXBuildFile; fileRef = A5F907522779E0A0006ED0BD /* SignupView.swift */; };
		A5F90755277A0A67006ED0BD /* AuthButtonStyle.swift in Sources */ = {isa = PBXBuildFile; fileRef = A5F90754277A0A67006ED0BD /* AuthButtonStyle.swift */; };
		A5F90759277A20DC006ED0BD /* TextInput.swift in Sources */ = {isa = PBXBuildFile; fileRef = A5F90758277A20DC006ED0BD /* TextInput.swift */; };
		A5F9075B277A2BF4006ED0BD /* LoginView.swift in Sources */ = {isa = PBXBuildFile; fileRef = A5F9075A277A2BF4006ED0BD /* LoginView.swift */; };
		A5F9075D277A2D6F006ED0BD /* ForgotPasswordView.swift in Sources */ = {isa = PBXBuildFile; fileRef = A5F9075C277A2D6F006ED0BD /* ForgotPasswordView.swift */; };
		AE233E1F2779E50D0042A6AF /* ChatList.swift in Sources */ = {isa = PBXBuildFile; fileRef = AE233E1E2779E50D0042A6AF /* ChatList.swift */; };
		AE233E252779EC240042A6AF /* ChatBubble.swift in Sources */ = {isa = PBXBuildFile; fileRef = AE233E242779EC240042A6AF /* ChatBubble.swift */; };
		AE233E272779EDB40042A6AF /* ConsultView.swift in Sources */ = {isa = PBXBuildFile; fileRef = AE233E262779EDB40042A6AF /* ConsultView.swift */; };
		AE233E29277A04DE0042A6AF /* View+Extension.swift in Sources */ = {isa = PBXBuildFile; fileRef = AE233E28277A04DE0042A6AF /* View+Extension.swift */; };
		AE233E2B277A05350042A6AF /* KeyboardResponder.swift in Sources */ = {isa = PBXBuildFile; fileRef = AE233E2A277A05350042A6AF /* KeyboardResponder.swift */; };
		AE2E32EE2756071900C71E48 /* HomeTabItem.swift in Sources */ = {isa = PBXBuildFile; fileRef = AE2E32ED2756071900C71E48 /* HomeTabItem.swift */; };
		AE2E32F027560C2200C71E48 /* CircleCollection.swift in Sources */ = {isa = PBXBuildFile; fileRef = AE2E32EF27560C2200C71E48 /* CircleCollection.swift */; };
		AE2E32F227560C4F00C71E48 /* RactangleCards.swift in Sources */ = {isa = PBXBuildFile; fileRef = AE2E32F127560C4F00C71E48 /* RactangleCards.swift */; };
		AE2E32F427560C8700C71E48 /* BoxCards.swift in Sources */ = {isa = PBXBuildFile; fileRef = AE2E32F327560C8700C71E48 /* BoxCards.swift */; };
		AE2E32F627560E4200C71E48 /* SearchBar.swift in Sources */ = {isa = PBXBuildFile; fileRef = AE2E32F527560E4200C71E48 /* SearchBar.swift */; };
		AE37C694273A1DB400B5B320 /* roomInt_appApp.swift in Sources */ = {isa = PBXBuildFile; fileRef = AE37C693273A1DB400B5B320 /* roomInt_appApp.swift */; };
		AE37C696273A1DB400B5B320 /* ContentView.swift in Sources */ = {isa = PBXBuildFile; fileRef = AE37C695273A1DB400B5B320 /* ContentView.swift */; };
		AE37C698273A1DB500B5B320 /* Assets.xcassets in Resources */ = {isa = PBXBuildFile; fileRef = AE37C697273A1DB500B5B320 /* Assets.xcassets */; };
		AE37C69B273A1DB500B5B320 /* Preview Assets.xcassets in Resources */ = {isa = PBXBuildFile; fileRef = AE37C69A273A1DB500B5B320 /* Preview Assets.xcassets */; };
		AE39C0E0278540B100C404E0 /* SignUpViewModel.swift in Sources */ = {isa = PBXBuildFile; fileRef = AE39C0DF278540B100C404E0 /* SignUpViewModel.swift */; };
		AE4603D82780A24A009C11BB /* UploadInteriorView.swift in Sources */ = {isa = PBXBuildFile; fileRef = AE4603D72780A24A009C11BB /* UploadInteriorView.swift */; };
		AE4603DC2780A98A009C11BB /* DashboardTabItem.swift in Sources */ = {isa = PBXBuildFile; fileRef = AE4603DB2780A98A009C11BB /* DashboardTabItem.swift */; };
		AE4603E22780A9C7009C11BB /* ConsultDesignTabItem.swift in Sources */ = {isa = PBXBuildFile; fileRef = AE4603E12780A9C7009C11BB /* ConsultDesignTabItem.swift */; };
		AE4603E42780A9D4009C11BB /* ProfileDesignTabItem.swift in Sources */ = {isa = PBXBuildFile; fileRef = AE4603E32780A9D4009C11BB /* ProfileDesignTabItem.swift */; };
		AE4603E62780A9EE009C11BB /* DesignerView.swift in Sources */ = {isa = PBXBuildFile; fileRef = AE4603E52780A9EE009C11BB /* DesignerView.swift */; };
		AE4603E827829873009C11BB /* CategoryStack.swift in Sources */ = {isa = PBXBuildFile; fileRef = AE4603E727829873009C11BB /* CategoryStack.swift */; };
		AE4603EA2782BF3C009C11BB /* CatalogCardsDesigner.swift in Sources */ = {isa = PBXBuildFile; fileRef = AE4603E92782BF3C009C11BB /* CatalogCardsDesigner.swift */; };
		AE4603F12783B730009C11BB /* FirebaseAnalytics in Frameworks */ = {isa = PBXBuildFile; productRef = AE4603F02783B730009C11BB /* FirebaseAnalytics */; };
		AE4603F32783B730009C11BB /* FirebaseAnalyticsSwift-Beta in Frameworks */ = {isa = PBXBuildFile; productRef = AE4603F22783B730009C11BB /* FirebaseAnalyticsSwift-Beta */; };
		AE4603F52783B730009C11BB /* FirebaseAppCheck in Frameworks */ = {isa = PBXBuildFile; productRef = AE4603F42783B730009C11BB /* FirebaseAppCheck */; };
		AE4603F72783B730009C11BB /* FirebaseAppDistribution-Beta in Frameworks */ = {isa = PBXBuildFile; productRef = AE4603F62783B730009C11BB /* FirebaseAppDistribution-Beta */; };
		AE4603F92783B730009C11BB /* FirebaseAuth in Frameworks */ = {isa = PBXBuildFile; productRef = AE4603F82783B730009C11BB /* FirebaseAuth */; };
		AE4603FB2783B730009C11BB /* FirebaseDatabase in Frameworks */ = {isa = PBXBuildFile; productRef = AE4603FA2783B730009C11BB /* FirebaseDatabase */; };
		AE4603FD2783B730009C11BB /* FirebaseDatabaseSwift-Beta in Frameworks */ = {isa = PBXBuildFile; productRef = AE4603FC2783B730009C11BB /* FirebaseDatabaseSwift-Beta */; };
		AE4603FF2783B730009C11BB /* FirebaseDynamicLinks in Frameworks */ = {isa = PBXBuildFile; productRef = AE4603FE2783B730009C11BB /* FirebaseDynamicLinks */; };
		AE4604012783B730009C11BB /* FirebaseFirestore in Frameworks */ = {isa = PBXBuildFile; productRef = AE4604002783B730009C11BB /* FirebaseFirestore */; };
		AE4604032783B730009C11BB /* FirebaseFirestoreCombine-Community in Frameworks */ = {isa = PBXBuildFile; productRef = AE4604022783B730009C11BB /* FirebaseFirestoreCombine-Community */; };
		AE4604052783B730009C11BB /* FirebaseFirestoreSwift-Beta in Frameworks */ = {isa = PBXBuildFile; productRef = AE4604042783B730009C11BB /* FirebaseFirestoreSwift-Beta */; };
		AE4604072783B730009C11BB /* FirebaseFunctions in Frameworks */ = {isa = PBXBuildFile; productRef = AE4604062783B730009C11BB /* FirebaseFunctions */; };
		AE4604092783B730009C11BB /* FirebaseFunctionsSwift-Beta in Frameworks */ = {isa = PBXBuildFile; productRef = AE4604082783B730009C11BB /* FirebaseFunctionsSwift-Beta */; };
		AE46040B2783B730009C11BB /* FirebaseInAppMessaging-Beta in Frameworks */ = {isa = PBXBuildFile; productRef = AE46040A2783B730009C11BB /* FirebaseInAppMessaging-Beta */; };
		AE46040D2783B730009C11BB /* FirebaseInAppMessagingSwift-Beta in Frameworks */ = {isa = PBXBuildFile; productRef = AE46040C2783B730009C11BB /* FirebaseInAppMessagingSwift-Beta */; };
		AE46040F2783B730009C11BB /* FirebaseInstallations in Frameworks */ = {isa = PBXBuildFile; productRef = AE46040E2783B730009C11BB /* FirebaseInstallations */; };
		AE4604112783B730009C11BB /* FirebaseMessaging in Frameworks */ = {isa = PBXBuildFile; productRef = AE4604102783B730009C11BB /* FirebaseMessaging */; };
		AE4604132783B730009C11BB /* FirebasePerformance in Frameworks */ = {isa = PBXBuildFile; productRef = AE4604122783B730009C11BB /* FirebasePerformance */; };
		AE4604152783B730009C11BB /* FirebaseRemoteConfig in Frameworks */ = {isa = PBXBuildFile; productRef = AE4604142783B730009C11BB /* FirebaseRemoteConfig */; };
		AE4604172783B730009C11BB /* FirebaseStorage in Frameworks */ = {isa = PBXBuildFile; productRef = AE4604162783B730009C11BB /* FirebaseStorage */; };
		AE4604192783B730009C11BB /* FirebaseStorageSwift-Beta in Frameworks */ = {isa = PBXBuildFile; productRef = AE4604182783B730009C11BB /* FirebaseStorageSwift-Beta */; };
		AE46041B2783C0E4009C11BB /* UploadViewModel.swift in Sources */ = {isa = PBXBuildFile; fileRef = AE46041A2783C0E4009C11BB /* UploadViewModel.swift */; };
		AE46041D2783CFE2009C11BB /* StorageService.swift in Sources */ = {isa = PBXBuildFile; fileRef = AE46041C2783CFE2009C11BB /* StorageService.swift */; };
		AE46041F2783D370009C11BB /* ImagePickerHelper.swift in Sources */ = {isa = PBXBuildFile; fileRef = AE46041E2783D370009C11BB /* ImagePickerHelper.swift */; };
		AE4604222783E8E9009C11BB /* SDWebImageSwiftUI in Frameworks */ = {isa = PBXBuildFile; productRef = AE4604212783E8E9009C11BB /* SDWebImageSwiftUI */; };
		AE4604242783F5C2009C11BB /* SuccedModalView.swift in Sources */ = {isa = PBXBuildFile; fileRef = AE4604232783F5C2009C11BB /* SuccedModalView.swift */; };
		AE460426278432E6009C11BB /* SessionService.swift in Sources */ = {isa = PBXBuildFile; fileRef = AE460425278432E6009C11BB /* SessionService.swift */; };
		AE46042827843430009C11BB /* UserRepository.swift in Sources */ = {isa = PBXBuildFile; fileRef = AE46042727843430009C11BB /* UserRepository.swift */; };
		AE46042B27844CBF009C11BB /* UserAuth.swift in Sources */ = {isa = PBXBuildFile; fileRef = AE46042A27844CBF009C11BB /* UserAuth.swift */; };
		AE46042D278456FC009C11BB /* UserRegisterView.swift in Sources */ = {isa = PBXBuildFile; fileRef = AE46042C278456FC009C11BB /* UserRegisterView.swift */; };
		AE46042F2784A176009C11BB /* AppState.swift in Sources */ = {isa = PBXBuildFile; fileRef = AE46042E2784A176009C11BB /* AppState.swift */; };
		AE4604322784A4B1009C11BB /* LoadingButton in Frameworks */ = {isa = PBXBuildFile; productRef = AE4604312784A4B1009C11BB /* LoadingButton */; };
		AE4604342784AB67009C11BB /* UserRegisterViewModel.swift in Sources */ = {isa = PBXBuildFile; fileRef = AE4604332784AB67009C11BB /* UserRegisterViewModel.swift */; };
		AE613BCD27624C610001A5F3 /* CatalogTabItem.swift in Sources */ = {isa = PBXBuildFile; fileRef = AE613BCC27624C610001A5F3 /* CatalogTabItem.swift */; };
		AED875C227715F4A00DC20CA /* User.swift in Sources */ = {isa = PBXBuildFile; fileRef = AED875C127715F4A00DC20CA /* User.swift */; };
		AED875C4277160A100DC20CA /* Interior.swift in Sources */ = {isa = PBXBuildFile; fileRef = AED875C3277160A100DC20CA /* Interior.swift */; };
		AED875C82771634200DC20CA /* CatalogCards.swift in Sources */ = {isa = PBXBuildFile; fileRef = AED875C72771634200DC20CA /* CatalogCards.swift */; };
		AEE5CDEE2768306000C98C84 /* ConsultTabItem.swift in Sources */ = {isa = PBXBuildFile; fileRef = AEE5CDED2768306000C98C84 /* ConsultTabItem.swift */; };
		AEE5CDF0276834B300C98C84 /* CustomerView.swift in Sources */ = {isa = PBXBuildFile; fileRef = AEE5CDEF276834B300C98C84 /* CustomerView.swift */; };
		AEF6BFC827671CBE008DB169 /* CatalogCollection.swift in Sources */ = {isa = PBXBuildFile; fileRef = AEF6BFC727671CBE008DB169 /* CatalogCollection.swift */; };
		AEF6BFCA27672443008DB169 /* ProfileTabItem.swift in Sources */ = {isa = PBXBuildFile; fileRef = AEF6BFC927672443008DB169 /* ProfileTabItem.swift */; };
		AEF6BFCD27675A38008DB169 /* Bubble.swift in Sources */ = {isa = PBXBuildFile; fileRef = AEF6BFCC27675A38008DB169 /* Bubble.swift */; };
/* End PBXBuildFile section */

/* Begin PBXFileReference section */
		A527AC93277DA160002132D4 /* FirebaseManager.swift */ = {isa = PBXFileReference; lastKnownFileType = sourcecode.swift; path = FirebaseManager.swift; sourceTree = "<group>"; };
		A527AC96277DA1DF002132D4 /* UserViewModel.swift */ = {isa = PBXFileReference; lastKnownFileType = sourcecode.swift; path = UserViewModel.swift; sourceTree = "<group>"; };
		A552A07A277A7E7300D3BD60 /* ImagePicker.swift */ = {isa = PBXFileReference; lastKnownFileType = sourcecode.swift; path = ImagePicker.swift; sourceTree = "<group>"; };
		A5647C2127678A3C00EDDF81 /* Color+Extension.swift */ = {isa = PBXFileReference; lastKnownFileType = sourcecode.swift; path = "Color+Extension.swift"; sourceTree = "<group>"; };
		A5647C2427678BE100EDDF81 /* SplashScreen.swift */ = {isa = PBXFileReference; lastKnownFileType = sourcecode.swift; path = SplashScreen.swift; sourceTree = "<group>"; };
		A5647C282767A13A00EDDF81 /* OnBoarding.swift */ = {isa = PBXFileReference; lastKnownFileType = sourcecode.swift; path = OnBoarding.swift; sourceTree = "<group>"; };
		A5647C2A2767A25900EDDF81 /* Text+Extension.swift */ = {isa = PBXFileReference; lastKnownFileType = sourcecode.swift; path = "Text+Extension.swift"; sourceTree = "<group>"; };
		A5647C2D2767AF8700EDDF81 /* PrimaryButtonStyle.swift */ = {isa = PBXFileReference; lastKnownFileType = sourcecode.swift; path = PrimaryButtonStyle.swift; sourceTree = "<group>"; };
		A5647C2F2767B23900EDDF81 /* SecondaryButtonStyle.swift */ = {isa = PBXFileReference; lastKnownFileType = sourcecode.swift; path = SecondaryButtonStyle.swift; sourceTree = "<group>"; };
		A5647C332767C54D00EDDF81 /* OnBoardingBridge.swift */ = {isa = PBXFileReference; fileEncoding = 4; lastKnownFileType = sourcecode.swift; path = OnBoardingBridge.swift; sourceTree = "<group>"; };
		A5647C3527681D3C00EDDF81 /* OnBoardingViewModel.swift */ = {isa = PBXFileReference; lastKnownFileType = sourcecode.swift; path = OnBoardingViewModel.swift; sourceTree = "<group>"; };
		A5CCB7422779DB2700ECAF13 /* GoogleService-Info.plist */ = {isa = PBXFileReference; fileEncoding = 4; lastKnownFileType = text.plist.xml; path = "GoogleService-Info.plist"; sourceTree = "<group>"; };
		A5E8F5AC277ED139006F3ABC /* InteriorViewModel.swift */ = {isa = PBXFileReference; lastKnownFileType = sourcecode.swift; path = InteriorViewModel.swift; sourceTree = "<group>"; };
		A5F907522779E0A0006ED0BD /* SignupView.swift */ = {isa = PBXFileReference; lastKnownFileType = sourcecode.swift; path = SignupView.swift; sourceTree = "<group>"; };
		A5F90754277A0A67006ED0BD /* AuthButtonStyle.swift */ = {isa = PBXFileReference; lastKnownFileType = sourcecode.swift; path = AuthButtonStyle.swift; sourceTree = "<group>"; };
		A5F90758277A20DC006ED0BD /* TextInput.swift */ = {isa = PBXFileReference; lastKnownFileType = sourcecode.swift; path = TextInput.swift; sourceTree = "<group>"; };
		A5F9075A277A2BF4006ED0BD /* LoginView.swift */ = {isa = PBXFileReference; lastKnownFileType = sourcecode.swift; path = LoginView.swift; sourceTree = "<group>"; };
		A5F9075C277A2D6F006ED0BD /* ForgotPasswordView.swift */ = {isa = PBXFileReference; lastKnownFileType = sourcecode.swift; path = ForgotPasswordView.swift; sourceTree = "<group>"; };
		AE233E1E2779E50D0042A6AF /* ChatList.swift */ = {isa = PBXFileReference; lastKnownFileType = sourcecode.swift; path = ChatList.swift; sourceTree = "<group>"; };
		AE233E242779EC240042A6AF /* ChatBubble.swift */ = {isa = PBXFileReference; lastKnownFileType = sourcecode.swift; path = ChatBubble.swift; sourceTree = "<group>"; };
		AE233E262779EDB40042A6AF /* ConsultView.swift */ = {isa = PBXFileReference; lastKnownFileType = sourcecode.swift; path = ConsultView.swift; sourceTree = "<group>"; };
		AE233E28277A04DE0042A6AF /* View+Extension.swift */ = {isa = PBXFileReference; lastKnownFileType = sourcecode.swift; path = "View+Extension.swift"; sourceTree = "<group>"; };
		AE233E2A277A05350042A6AF /* KeyboardResponder.swift */ = {isa = PBXFileReference; lastKnownFileType = sourcecode.swift; path = KeyboardResponder.swift; sourceTree = "<group>"; };
		AE2E32ED2756071900C71E48 /* HomeTabItem.swift */ = {isa = PBXFileReference; lastKnownFileType = sourcecode.swift; path = HomeTabItem.swift; sourceTree = "<group>"; };
		AE2E32EF27560C2200C71E48 /* CircleCollection.swift */ = {isa = PBXFileReference; lastKnownFileType = sourcecode.swift; path = CircleCollection.swift; sourceTree = "<group>"; };
		AE2E32F127560C4F00C71E48 /* RactangleCards.swift */ = {isa = PBXFileReference; lastKnownFileType = sourcecode.swift; path = RactangleCards.swift; sourceTree = "<group>"; };
		AE2E32F327560C8700C71E48 /* BoxCards.swift */ = {isa = PBXFileReference; lastKnownFileType = sourcecode.swift; path = BoxCards.swift; sourceTree = "<group>"; };
		AE2E32F527560E4200C71E48 /* SearchBar.swift */ = {isa = PBXFileReference; lastKnownFileType = sourcecode.swift; path = SearchBar.swift; sourceTree = "<group>"; };
		AE37C690273A1DB400B5B320 /* roomInt-app.app */ = {isa = PBXFileReference; explicitFileType = wrapper.application; includeInIndex = 0; path = "roomInt-app.app"; sourceTree = BUILT_PRODUCTS_DIR; };
		AE37C693273A1DB400B5B320 /* roomInt_appApp.swift */ = {isa = PBXFileReference; lastKnownFileType = sourcecode.swift; path = roomInt_appApp.swift; sourceTree = "<group>"; };
		AE37C695273A1DB400B5B320 /* ContentView.swift */ = {isa = PBXFileReference; lastKnownFileType = sourcecode.swift; path = ContentView.swift; sourceTree = "<group>"; };
		AE37C697273A1DB500B5B320 /* Assets.xcassets */ = {isa = PBXFileReference; lastKnownFileType = folder.assetcatalog; path = Assets.xcassets; sourceTree = "<group>"; };
		AE37C69A273A1DB500B5B320 /* Preview Assets.xcassets */ = {isa = PBXFileReference; lastKnownFileType = folder.assetcatalog; path = "Preview Assets.xcassets"; sourceTree = "<group>"; };
		AE39C0DF278540B100C404E0 /* SignUpViewModel.swift */ = {isa = PBXFileReference; lastKnownFileType = sourcecode.swift; path = SignUpViewModel.swift; sourceTree = "<group>"; };
		AE4603D72780A24A009C11BB /* UploadInteriorView.swift */ = {isa = PBXFileReference; lastKnownFileType = sourcecode.swift; path = UploadInteriorView.swift; sourceTree = "<group>"; };
		AE4603DB2780A98A009C11BB /* DashboardTabItem.swift */ = {isa = PBXFileReference; lastKnownFileType = sourcecode.swift; path = DashboardTabItem.swift; sourceTree = "<group>"; };
		AE4603E12780A9C7009C11BB /* ConsultDesignTabItem.swift */ = {isa = PBXFileReference; lastKnownFileType = sourcecode.swift; path = ConsultDesignTabItem.swift; sourceTree = "<group>"; };
		AE4603E32780A9D4009C11BB /* ProfileDesignTabItem.swift */ = {isa = PBXFileReference; lastKnownFileType = sourcecode.swift; path = ProfileDesignTabItem.swift; sourceTree = "<group>"; };
		AE4603E52780A9EE009C11BB /* DesignerView.swift */ = {isa = PBXFileReference; lastKnownFileType = sourcecode.swift; path = DesignerView.swift; sourceTree = "<group>"; };
		AE4603E727829873009C11BB /* CategoryStack.swift */ = {isa = PBXFileReference; lastKnownFileType = sourcecode.swift; path = CategoryStack.swift; sourceTree = "<group>"; };
		AE4603E92782BF3C009C11BB /* CatalogCardsDesigner.swift */ = {isa = PBXFileReference; lastKnownFileType = sourcecode.swift; path = CatalogCardsDesigner.swift; sourceTree = "<group>"; };
		AE46041A2783C0E4009C11BB /* UploadViewModel.swift */ = {isa = PBXFileReference; lastKnownFileType = sourcecode.swift; path = UploadViewModel.swift; sourceTree = "<group>"; };
		AE46041C2783CFE2009C11BB /* StorageService.swift */ = {isa = PBXFileReference; lastKnownFileType = sourcecode.swift; path = StorageService.swift; sourceTree = "<group>"; };
		AE46041E2783D370009C11BB /* ImagePickerHelper.swift */ = {isa = PBXFileReference; lastKnownFileType = sourcecode.swift; path = ImagePickerHelper.swift; sourceTree = "<group>"; };
		AE4604232783F5C2009C11BB /* SuccedModalView.swift */ = {isa = PBXFileReference; lastKnownFileType = sourcecode.swift; path = SuccedModalView.swift; sourceTree = "<group>"; };
		AE460425278432E6009C11BB /* SessionService.swift */ = {isa = PBXFileReference; lastKnownFileType = sourcecode.swift; path = SessionService.swift; sourceTree = "<group>"; };
		AE46042727843430009C11BB /* UserRepository.swift */ = {isa = PBXFileReference; lastKnownFileType = sourcecode.swift; path = UserRepository.swift; sourceTree = "<group>"; };
		AE46042927844B7C009C11BB /* roomInt-app.entitlements */ = {isa = PBXFileReference; lastKnownFileType = text.plist.entitlements; path = "roomInt-app.entitlements"; sourceTree = "<group>"; };
		AE46042A27844CBF009C11BB /* UserAuth.swift */ = {isa = PBXFileReference; lastKnownFileType = sourcecode.swift; path = UserAuth.swift; sourceTree = "<group>"; };
		AE46042C278456FC009C11BB /* UserRegisterView.swift */ = {isa = PBXFileReference; lastKnownFileType = sourcecode.swift; path = UserRegisterView.swift; sourceTree = "<group>"; };
		AE46042E2784A176009C11BB /* AppState.swift */ = {isa = PBXFileReference; lastKnownFileType = sourcecode.swift; path = AppState.swift; sourceTree = "<group>"; };
		AE4604332784AB67009C11BB /* UserRegisterViewModel.swift */ = {isa = PBXFileReference; lastKnownFileType = sourcecode.swift; path = UserRegisterViewModel.swift; sourceTree = "<group>"; };
		AE613BCC27624C610001A5F3 /* CatalogTabItem.swift */ = {isa = PBXFileReference; lastKnownFileType = sourcecode.swift; path = CatalogTabItem.swift; sourceTree = "<group>"; };
		AED875C127715F4A00DC20CA /* User.swift */ = {isa = PBXFileReference; lastKnownFileType = sourcecode.swift; path = User.swift; sourceTree = "<group>"; };
		AED875C3277160A100DC20CA /* Interior.swift */ = {isa = PBXFileReference; lastKnownFileType = sourcecode.swift; path = Interior.swift; sourceTree = "<group>"; };
		AED875C72771634200DC20CA /* CatalogCards.swift */ = {isa = PBXFileReference; lastKnownFileType = sourcecode.swift; path = CatalogCards.swift; sourceTree = "<group>"; };
		AEE5CDED2768306000C98C84 /* ConsultTabItem.swift */ = {isa = PBXFileReference; lastKnownFileType = sourcecode.swift; path = ConsultTabItem.swift; sourceTree = "<group>"; };
		AEE5CDEF276834B300C98C84 /* CustomerView.swift */ = {isa = PBXFileReference; lastKnownFileType = sourcecode.swift; path = CustomerView.swift; sourceTree = "<group>"; };
		AEF6BFC727671CBE008DB169 /* CatalogCollection.swift */ = {isa = PBXFileReference; lastKnownFileType = sourcecode.swift; path = CatalogCollection.swift; sourceTree = "<group>"; };
		AEF6BFC927672443008DB169 /* ProfileTabItem.swift */ = {isa = PBXFileReference; lastKnownFileType = sourcecode.swift; path = ProfileTabItem.swift; sourceTree = "<group>"; };
		AEF6BFCC27675A38008DB169 /* Bubble.swift */ = {isa = PBXFileReference; lastKnownFileType = sourcecode.swift; path = Bubble.swift; sourceTree = "<group>"; };
/* End PBXFileReference section */

/* Begin PBXFrameworksBuildPhase section */
		AE37C68D273A1DB400B5B320 /* Frameworks */ = {
			isa = PBXFrameworksBuildPhase;
			buildActionMask = 2147483647;
			files = (
				AE4603FB2783B730009C11BB /* FirebaseDatabase in Frameworks */,
				AE46040B2783B730009C11BB /* FirebaseInAppMessaging-Beta in Frameworks */,
				AE4604132783B730009C11BB /* FirebasePerformance in Frameworks */,
				AE4604092783B730009C11BB /* FirebaseFunctionsSwift-Beta in Frameworks */,
				AE4603F32783B730009C11BB /* FirebaseAnalyticsSwift-Beta in Frameworks */,
				AE4604192783B730009C11BB /* FirebaseStorageSwift-Beta in Frameworks */,
				AE4604322784A4B1009C11BB /* LoadingButton in Frameworks */,
				AE4603F92783B730009C11BB /* FirebaseAuth in Frameworks */,
				AE4604072783B730009C11BB /* FirebaseFunctions in Frameworks */,
				AE4604222783E8E9009C11BB /* SDWebImageSwiftUI in Frameworks */,
				AE4604032783B730009C11BB /* FirebaseFirestoreCombine-Community in Frameworks */,
				AE46040D2783B730009C11BB /* FirebaseInAppMessagingSwift-Beta in Frameworks */,
				AE4604052783B730009C11BB /* FirebaseFirestoreSwift-Beta in Frameworks */,
				AE4604152783B730009C11BB /* FirebaseRemoteConfig in Frameworks */,
				AE4604112783B730009C11BB /* FirebaseMessaging in Frameworks */,
				AE4603FF2783B730009C11BB /* FirebaseDynamicLinks in Frameworks */,
				AE4604172783B730009C11BB /* FirebaseStorage in Frameworks */,
				AE4603F52783B730009C11BB /* FirebaseAppCheck in Frameworks */,
				AE46040F2783B730009C11BB /* FirebaseInstallations in Frameworks */,
				AE4604012783B730009C11BB /* FirebaseFirestore in Frameworks */,
				AE4603F12783B730009C11BB /* FirebaseAnalytics in Frameworks */,
				AE4603FD2783B730009C11BB /* FirebaseDatabaseSwift-Beta in Frameworks */,
				AE4603F72783B730009C11BB /* FirebaseAppDistribution-Beta in Frameworks */,
			);
			runOnlyForDeploymentPostprocessing = 0;
		};
/* End PBXFrameworksBuildPhase section */

/* Begin PBXGroup section */
		A527AC92277DA129002132D4 /* Services */ = {
			isa = PBXGroup;
			children = (
				A527AC93277DA160002132D4 /* FirebaseManager.swift */,
				AE46041C2783CFE2009C11BB /* StorageService.swift */,
				AE460425278432E6009C11BB /* SessionService.swift */,
				AE46042E2784A176009C11BB /* AppState.swift */,
			);
			path = Services;
			sourceTree = "<group>";
		};
		A527AC95277DA1B3002132D4 /* ViewModel */ = {
			isa = PBXGroup;
			children = (
				A527AC96277DA1DF002132D4 /* UserViewModel.swift */,
				A5E8F5AC277ED139006F3ABC /* InteriorViewModel.swift */,
				AE46042727843430009C11BB /* UserRepository.swift */,
			);
			path = ViewModel;
			sourceTree = "<group>";
		};
		A5647C2327678BB500EDDF81 /* OnBoarding */ = {
			isa = PBXGroup;
			children = (
				A5647C332767C54D00EDDF81 /* OnBoardingBridge.swift */,
				A5647C282767A13A00EDDF81 /* OnBoarding.swift */,
				A5647C3527681D3C00EDDF81 /* OnBoardingViewModel.swift */,
			);
			path = OnBoarding;
			sourceTree = "<group>";
		};
		A5647C2C2767AF6300EDDF81 /* ReusableView */ = {
			isa = PBXGroup;
			children = (
				A5647C2D2767AF8700EDDF81 /* PrimaryButtonStyle.swift */,
				A5647C2F2767B23900EDDF81 /* SecondaryButtonStyle.swift */,
				A5F90754277A0A67006ED0BD /* AuthButtonStyle.swift */,
			);
			path = ReusableView;
			sourceTree = "<group>";
		};
		A5CCB7442779DB8A00ECAF13 /* Login */ = {
			isa = PBXGroup;
			children = (
				A5F9075A277A2BF4006ED0BD /* LoginView.swift */,
			);
			path = Login;
			sourceTree = "<group>";
		};
		A5F907502779E088006ED0BD /* Signup */ = {
			isa = PBXGroup;
			children = (
				A5F907522779E0A0006ED0BD /* SignupView.swift */,
			);
			path = Signup;
			sourceTree = "<group>";
		};
		A5F90756277A2071006ED0BD /* Auth */ = {
			isa = PBXGroup;
			children = (
				AE46042A27844CBF009C11BB /* UserAuth.swift */,
				AE39C0DE27853FEA00C404E0 /* ViewModel */,
				A5F90757277A207A006ED0BD /* Component */,
				A5F907502779E088006ED0BD /* Signup */,
				A5CCB7442779DB8A00ECAF13 /* Login */,
			);
			path = Auth;
			sourceTree = "<group>";
		};
		A5F90757277A207A006ED0BD /* Component */ = {
			isa = PBXGroup;
			children = (
				A5F90758277A20DC006ED0BD /* TextInput.swift */,
				A5F9075C277A2D6F006ED0BD /* ForgotPasswordView.swift */,
				AE46042C278456FC009C11BB /* UserRegisterView.swift */,
			);
			path = Component;
			sourceTree = "<group>";
		};
		A5F90760277A381F006ED0BD /* Frameworks */ = {
			isa = PBXGroup;
			children = (
			);
			name = Frameworks;
			sourceTree = "<group>";
		};
		AE37C687273A1DB400B5B320 = {
			isa = PBXGroup;
			children = (
				AE37C692273A1DB400B5B320 /* roomInt-app */,
				AE37C691273A1DB400B5B320 /* Products */,
				A5F90760277A381F006ED0BD /* Frameworks */,
			);
			sourceTree = "<group>";
		};
		AE37C691273A1DB400B5B320 /* Products */ = {
			isa = PBXGroup;
			children = (
				AE37C690273A1DB400B5B320 /* roomInt-app.app */,
			);
			name = Products;
			sourceTree = "<group>";
		};
		AE37C692273A1DB400B5B320 /* roomInt-app */ = {
			isa = PBXGroup;
			children = (
				AE46042927844B7C009C11BB /* roomInt-app.entitlements */,
				A5F90756277A2071006ED0BD /* Auth */,
				A5CCB7422779DB2700ECAF13 /* GoogleService-Info.plist */,
				AEBD8380273E418F00588D1A /* Constants */,
				AEBD837F273E417E00588D1A /* Repositories */,
				AEBD8378273E40FA00588D1A /* Helpers */,
				AEBD8376273E40D200588D1A /* Designer */,
				AEBD8375273E40CA00588D1A /* Customer */,
				AEBD8374273E40C200588D1A /* Shared */,
				A5647C2C2767AF6300EDDF81 /* ReusableView */,
				A5647C2327678BB500EDDF81 /* OnBoarding */,
				AE37C695273A1DB400B5B320 /* ContentView.swift */,
				A5647C2427678BE100EDDF81 /* SplashScreen.swift */,
				AE37C697273A1DB500B5B320 /* Assets.xcassets */,
				AE37C693273A1DB400B5B320 /* roomInt_appApp.swift */,
				AE37C699273A1DB500B5B320 /* Preview Content */,
			);
			path = "roomInt-app";
			sourceTree = "<group>";
		};
		AE37C699273A1DB500B5B320 /* Preview Content */ = {
			isa = PBXGroup;
			children = (
				AE37C69A273A1DB500B5B320 /* Preview Assets.xcassets */,
			);
			path = "Preview Content";
			sourceTree = "<group>";
		};
		AE39C0DE27853FEA00C404E0 /* ViewModel */ = {
			isa = PBXGroup;
			children = (
				AE39C0DF278540B100C404E0 /* SignUpViewModel.swift */,
				AE4604332784AB67009C11BB /* UserRegisterViewModel.swift */,
			);
			path = ViewModel;
			sourceTree = "<group>";
		};
		AEBD8374273E40C200588D1A /* Shared */ = {
			isa = PBXGroup;
			children = (
			);
			path = Shared;
			sourceTree = "<group>";
		};
		AEBD8375273E40CA00588D1A /* Customer */ = {
			isa = PBXGroup;
			children = (
				AEE5CDEF276834B300C98C84 /* CustomerView.swift */,
				AEBD837E273E415300588D1A /* Components */,
				AEBD837D273E414D00588D1A /* Views */,
				AEBD837C273E414100588D1A /* ViewModels */,
			);
			path = Customer;
			sourceTree = "<group>";
		};
		AEBD8376273E40D200588D1A /* Designer */ = {
			isa = PBXGroup;
			children = (
				AE4603E52780A9EE009C11BB /* DesignerView.swift */,
				AEBD837B273E413100588D1A /* Components */,
				AEBD837A273E412A00588D1A /* ViewModels */,
				AEBD8379273E411000588D1A /* Views */,
			);
			path = Designer;
			sourceTree = "<group>";
		};
		AEBD8377273E40DC00588D1A /* Models */ = {
			isa = PBXGroup;
			children = (
				AED875C127715F4A00DC20CA /* User.swift */,
				AED875C3277160A100DC20CA /* Interior.swift */,
			);
			path = Models;
			sourceTree = "<group>";
		};
		AEBD8378273E40FA00588D1A /* Helpers */ = {
			isa = PBXGroup;
			children = (
				A5647C2127678A3C00EDDF81 /* Color+Extension.swift */,
				A5647C2A2767A25900EDDF81 /* Text+Extension.swift */,
				A552A07A277A7E7300D3BD60 /* ImagePicker.swift */,
				AE233E28277A04DE0042A6AF /* View+Extension.swift */,
				AE233E2A277A05350042A6AF /* KeyboardResponder.swift */,
				AE46041E2783D370009C11BB /* ImagePickerHelper.swift */,
			);
			path = Helpers;
			sourceTree = "<group>";
		};
		AEBD8379273E411000588D1A /* Views */ = {
			isa = PBXGroup;
			children = (
				AE4603DB2780A98A009C11BB /* DashboardTabItem.swift */,
				AE4603E12780A9C7009C11BB /* ConsultDesignTabItem.swift */,
				AE4603E32780A9D4009C11BB /* ProfileDesignTabItem.swift */,
				AE4603D72780A24A009C11BB /* UploadInteriorView.swift */,
				AE4604232783F5C2009C11BB /* SuccedModalView.swift */,
			);
			path = Views;
			sourceTree = "<group>";
		};
		AEBD837A273E412A00588D1A /* ViewModels */ = {
			isa = PBXGroup;
			children = (
				AE46041A2783C0E4009C11BB /* UploadViewModel.swift */,
			);
			path = ViewModels;
			sourceTree = "<group>";
		};
		AEBD837B273E413100588D1A /* Components */ = {
			isa = PBXGroup;
			children = (
				AE4603E92782BF3C009C11BB /* CatalogCardsDesigner.swift */,
			);
			path = Components;
			sourceTree = "<group>";
		};
		AEBD837C273E414100588D1A /* ViewModels */ = {
			isa = PBXGroup;
			children = (
			);
			path = ViewModels;
			sourceTree = "<group>";
		};
		AEBD837D273E414D00588D1A /* Views */ = {
			isa = PBXGroup;
			children = (
				AE2E32ED2756071900C71E48 /* HomeTabItem.swift */,
				AE613BCC27624C610001A5F3 /* CatalogTabItem.swift */,
				AEF6BFC927672443008DB169 /* ProfileTabItem.swift */,
				AEE5CDED2768306000C98C84 /* ConsultTabItem.swift */,
				AE233E262779EDB40042A6AF /* ConsultView.swift */,
			);
			path = Views;
			sourceTree = "<group>";
		};
		AEBD837E273E415300588D1A /* Components */ = {
			isa = PBXGroup;
			children = (
				AE2E32EF27560C2200C71E48 /* CircleCollection.swift */,
				AE2E32F127560C4F00C71E48 /* RactangleCards.swift */,
				AE2E32F327560C8700C71E48 /* BoxCards.swift */,
				AE2E32F527560E4200C71E48 /* SearchBar.swift */,
				AEF6BFC727671CBE008DB169 /* CatalogCollection.swift */,
				AEF6BFCC27675A38008DB169 /* Bubble.swift */,
				AED875C72771634200DC20CA /* CatalogCards.swift */,
				AE233E1E2779E50D0042A6AF /* ChatList.swift */,
				AE233E242779EC240042A6AF /* ChatBubble.swift */,
				AE4603E727829873009C11BB /* CategoryStack.swift */,
			);
			path = Components;
			sourceTree = "<group>";
		};
		AEBD837F273E417E00588D1A /* Repositories */ = {
			isa = PBXGroup;
			children = (
				A527AC95277DA1B3002132D4 /* ViewModel */,
				A527AC92277DA129002132D4 /* Services */,
				AEBD8377273E40DC00588D1A /* Models */,
			);
			path = Repositories;
			sourceTree = "<group>";
		};
		AEBD8380273E418F00588D1A /* Constants */ = {
			isa = PBXGroup;
			children = (
			);
			path = Constants;
			sourceTree = "<group>";
		};
/* End PBXGroup section */

/* Begin PBXNativeTarget section */
		AE37C68F273A1DB400B5B320 /* roomInt-app */ = {
			isa = PBXNativeTarget;
			buildConfigurationList = AE37C69E273A1DB500B5B320 /* Build configuration list for PBXNativeTarget "roomInt-app" */;
			buildPhases = (
				AE37C68C273A1DB400B5B320 /* Sources */,
				AE37C68D273A1DB400B5B320 /* Frameworks */,
				AE37C68E273A1DB400B5B320 /* Resources */,
			);
			buildRules = (
			);
			dependencies = (
			);
			name = "roomInt-app";
			packageProductDependencies = (
				AE4603F02783B730009C11BB /* FirebaseAnalytics */,
				AE4603F22783B730009C11BB /* FirebaseAnalyticsSwift-Beta */,
				AE4603F42783B730009C11BB /* FirebaseAppCheck */,
				AE4603F62783B730009C11BB /* FirebaseAppDistribution-Beta */,
				AE4603F82783B730009C11BB /* FirebaseAuth */,
				AE4603FA2783B730009C11BB /* FirebaseDatabase */,
				AE4603FC2783B730009C11BB /* FirebaseDatabaseSwift-Beta */,
				AE4603FE2783B730009C11BB /* FirebaseDynamicLinks */,
				AE4604002783B730009C11BB /* FirebaseFirestore */,
				AE4604022783B730009C11BB /* FirebaseFirestoreCombine-Community */,
				AE4604042783B730009C11BB /* FirebaseFirestoreSwift-Beta */,
				AE4604062783B730009C11BB /* FirebaseFunctions */,
				AE4604082783B730009C11BB /* FirebaseFunctionsSwift-Beta */,
				AE46040A2783B730009C11BB /* FirebaseInAppMessaging-Beta */,
				AE46040C2783B730009C11BB /* FirebaseInAppMessagingSwift-Beta */,
				AE46040E2783B730009C11BB /* FirebaseInstallations */,
				AE4604102783B730009C11BB /* FirebaseMessaging */,
				AE4604122783B730009C11BB /* FirebasePerformance */,
				AE4604142783B730009C11BB /* FirebaseRemoteConfig */,
				AE4604162783B730009C11BB /* FirebaseStorage */,
				AE4604182783B730009C11BB /* FirebaseStorageSwift-Beta */,
				AE4604212783E8E9009C11BB /* SDWebImageSwiftUI */,
				AE4604312784A4B1009C11BB /* LoadingButton */,
			);
			productName = "roomInt-app";
			productReference = AE37C690273A1DB400B5B320 /* roomInt-app.app */;
			productType = "com.apple.product-type.application";
		};
/* End PBXNativeTarget section */

/* Begin PBXProject section */
		AE37C688273A1DB400B5B320 /* Project object */ = {
			isa = PBXProject;
			attributes = {
				BuildIndependentTargetsInParallel = 1;
				LastSwiftUpdateCheck = 1300;
				LastUpgradeCheck = 1300;
				TargetAttributes = {
					AE37C68F273A1DB400B5B320 = {
						CreatedOnToolsVersion = 13.0;
					};
				};
			};
			buildConfigurationList = AE37C68B273A1DB400B5B320 /* Build configuration list for PBXProject "roomInt-app" */;
			compatibilityVersion = "Xcode 13.0";
			developmentRegion = en;
			hasScannedForEncodings = 0;
			knownRegions = (
				en,
				Base,
			);
			mainGroup = AE37C687273A1DB400B5B320;
			packageReferences = (
				AE4603EF2783B730009C11BB /* XCRemoteSwiftPackageReference "firebase-ios-sdk" */,
				AE4604202783E8E9009C11BB /* XCRemoteSwiftPackageReference "SDWebImageSwiftUI" */,
				AE4604302784A4B1009C11BB /* XCRemoteSwiftPackageReference "LoadingButton" */,
			);
			productRefGroup = AE37C691273A1DB400B5B320 /* Products */;
			projectDirPath = "";
			projectRoot = "";
			targets = (
				AE37C68F273A1DB400B5B320 /* roomInt-app */,
			);
		};
/* End PBXProject section */

/* Begin PBXResourcesBuildPhase section */
		AE37C68E273A1DB400B5B320 /* Resources */ = {
			isa = PBXResourcesBuildPhase;
			buildActionMask = 2147483647;
			files = (
				AE37C69B273A1DB500B5B320 /* Preview Assets.xcassets in Resources */,
				A5CCB7432779DB2700ECAF13 /* GoogleService-Info.plist in Resources */,
				AE37C698273A1DB500B5B320 /* Assets.xcassets in Resources */,
			);
			runOnlyForDeploymentPostprocessing = 0;
		};
/* End PBXResourcesBuildPhase section */

/* Begin PBXSourcesBuildPhase section */
		AE37C68C273A1DB400B5B320 /* Sources */ = {
			isa = PBXSourcesBuildPhase;
			buildActionMask = 2147483647;
			files = (
				AED875C4277160A100DC20CA /* Interior.swift in Sources */,
				A5F9075B277A2BF4006ED0BD /* LoginView.swift in Sources */,
				AE2E32F627560E4200C71E48 /* SearchBar.swift in Sources */,
				A5647C2E2767AF8700EDDF81 /* PrimaryButtonStyle.swift in Sources */,
				A5647C2527678BE100EDDF81 /* SplashScreen.swift in Sources */,
				A5647C302767B23900EDDF81 /* SecondaryButtonStyle.swift in Sources */,
				AE46042F2784A176009C11BB /* AppState.swift in Sources */,
				AE37C696273A1DB400B5B320 /* ContentView.swift in Sources */,
				AE2E32F427560C8700C71E48 /* BoxCards.swift in Sources */,
				AEE5CDEE2768306000C98C84 /* ConsultTabItem.swift in Sources */,
				A5F907532779E0A0006ED0BD /* SignupView.swift in Sources */,
				AED875C227715F4A00DC20CA /* User.swift in Sources */,
				AE4604242783F5C2009C11BB /* SuccedModalView.swift in Sources */,
				AE46041F2783D370009C11BB /* ImagePickerHelper.swift in Sources */,
				A5E8F5AD277ED139006F3ABC /* InteriorViewModel.swift in Sources */,
				A5F90755277A0A67006ED0BD /* AuthButtonStyle.swift in Sources */,
				A552A07B277A7E7300D3BD60 /* ImagePicker.swift in Sources */,
				A5F90759277A20DC006ED0BD /* TextInput.swift in Sources */,
				A527AC94277DA160002132D4 /* FirebaseManager.swift in Sources */,
				AE4603E62780A9EE009C11BB /* DesignerView.swift in Sources */,
				AE233E272779EDB40042A6AF /* ConsultView.swift in Sources */,
				AED875C227715F4A00DC20CA /* User.swift in Sources */,
				AEE5CDF0276834B300C98C84 /* CustomerView.swift in Sources */,
				AE4603DC2780A98A009C11BB /* DashboardTabItem.swift in Sources */,
				AED875C82771634200DC20CA /* CatalogCards.swift in Sources */,
				AE46042D278456FC009C11BB /* UserRegisterView.swift in Sources */,
				AE2E32F227560C4F00C71E48 /* RactangleCards.swift in Sources */,
				AE2E32EE2756071900C71E48 /* HomeTabItem.swift in Sources */,
				AE46042827843430009C11BB /* UserRepository.swift in Sources */,
				AE613BCD27624C610001A5F3 /* CatalogTabItem.swift in Sources */,
				AE46042B27844CBF009C11BB /* UserAuth.swift in Sources */,
				AEF6BFCD27675A38008DB169 /* Bubble.swift in Sources */,
				AEF6BFC827671CBE008DB169 /* CatalogCollection.swift in Sources */,
				AE37C694273A1DB400B5B320 /* roomInt_appApp.swift in Sources */,
				AE2E32F027560C2200C71E48 /* CircleCollection.swift in Sources */,
				AE46041B2783C0E4009C11BB /* UploadViewModel.swift in Sources */,
				AE233E1F2779E50D0042A6AF /* ChatList.swift in Sources */,
				AE4603E42780A9D4009C11BB /* ProfileDesignTabItem.swift in Sources */,
				AE4603EA2782BF3C009C11BB /* CatalogCardsDesigner.swift in Sources */,
				AEF6BFCA27672443008DB169 /* ProfileTabItem.swift in Sources */,
				A527AC97277DA1DF002132D4 /* UserViewModel.swift in Sources */,
				AE233E29277A04DE0042A6AF /* View+Extension.swift in Sources */,
				AE4603E22780A9C7009C11BB /* ConsultDesignTabItem.swift in Sources */,
				AE39C0E0278540B100C404E0 /* SignUpViewModel.swift in Sources */,
				AE46041D2783CFE2009C11BB /* StorageService.swift in Sources */,
				A5647C2227678A3C00EDDF81 /* Color+Extension.swift in Sources */,
				A5647C2B2767A25900EDDF81 /* Text+Extension.swift in Sources */,
				A5647C3627681D3C00EDDF81 /* OnBoardingViewModel.swift in Sources */,
				A5647C342767C54D00EDDF81 /* OnBoardingBridge.swift in Sources */,
				A5F9075D277A2D6F006ED0BD /* ForgotPasswordView.swift in Sources */,
				AE460426278432E6009C11BB /* SessionService.swift in Sources */,
				AE233E2B277A05350042A6AF /* KeyboardResponder.swift in Sources */,
				A5647C292767A13A00EDDF81 /* OnBoarding.swift in Sources */,
				AE233E252779EC240042A6AF /* ChatBubble.swift in Sources */,
				AE4603D82780A24A009C11BB /* UploadInteriorView.swift in Sources */,
				AE4604342784AB67009C11BB /* UserRegisterViewModel.swift in Sources */,
				AE4603E827829873009C11BB /* CategoryStack.swift in Sources */,
			);
			runOnlyForDeploymentPostprocessing = 0;
		};
/* End PBXSourcesBuildPhase section */

/* Begin XCBuildConfiguration section */
		A527AC98277E1CE0002132D4 /* Emulators */ = {
			isa = XCBuildConfiguration;
			buildSettings = {
				ALWAYS_SEARCH_USER_PATHS = NO;
				CLANG_ANALYZER_NONNULL = YES;
				CLANG_ANALYZER_NUMBER_OBJECT_CONVERSION = YES_AGGRESSIVE;
				CLANG_CXX_LANGUAGE_STANDARD = "gnu++17";
				CLANG_CXX_LIBRARY = "libc++";
				CLANG_ENABLE_MODULES = YES;
				CLANG_ENABLE_OBJC_ARC = YES;
				CLANG_ENABLE_OBJC_WEAK = YES;
				CLANG_WARN_BLOCK_CAPTURE_AUTORELEASING = YES;
				CLANG_WARN_BOOL_CONVERSION = YES;
				CLANG_WARN_COMMA = YES;
				CLANG_WARN_CONSTANT_CONVERSION = YES;
				CLANG_WARN_DEPRECATED_OBJC_IMPLEMENTATIONS = YES;
				CLANG_WARN_DIRECT_OBJC_ISA_USAGE = YES_ERROR;
				CLANG_WARN_DOCUMENTATION_COMMENTS = YES;
				CLANG_WARN_EMPTY_BODY = YES;
				CLANG_WARN_ENUM_CONVERSION = YES;
				CLANG_WARN_INFINITE_RECURSION = YES;
				CLANG_WARN_INT_CONVERSION = YES;
				CLANG_WARN_NON_LITERAL_NULL_CONVERSION = YES;
				CLANG_WARN_OBJC_IMPLICIT_RETAIN_SELF = YES;
				CLANG_WARN_OBJC_LITERAL_CONVERSION = YES;
				CLANG_WARN_OBJC_ROOT_CLASS = YES_ERROR;
				CLANG_WARN_QUOTED_INCLUDE_IN_FRAMEWORK_HEADER = YES;
				CLANG_WARN_RANGE_LOOP_ANALYSIS = YES;
				CLANG_WARN_STRICT_PROTOTYPES = YES;
				CLANG_WARN_SUSPICIOUS_MOVE = YES;
				CLANG_WARN_UNGUARDED_AVAILABILITY = YES_AGGRESSIVE;
				CLANG_WARN_UNREACHABLE_CODE = YES;
				CLANG_WARN__DUPLICATE_METHOD_MATCH = YES;
				COPY_PHASE_STRIP = NO;
				DEBUG_INFORMATION_FORMAT = dwarf;
				ENABLE_STRICT_OBJC_MSGSEND = YES;
				ENABLE_TESTABILITY = YES;
				GCC_C_LANGUAGE_STANDARD = gnu11;
				GCC_DYNAMIC_NO_PIC = NO;
				GCC_NO_COMMON_BLOCKS = YES;
				GCC_OPTIMIZATION_LEVEL = 0;
				GCC_PREPROCESSOR_DEFINITIONS = (
					"DEBUG=1",
					"$(inherited)",
				);
				GCC_WARN_64_TO_32_BIT_CONVERSION = YES;
				GCC_WARN_ABOUT_RETURN_TYPE = YES_ERROR;
				GCC_WARN_UNDECLARED_SELECTOR = YES;
				GCC_WARN_UNINITIALIZED_AUTOS = YES_AGGRESSIVE;
				GCC_WARN_UNUSED_FUNCTION = YES;
				GCC_WARN_UNUSED_VARIABLE = YES;
				IPHONEOS_DEPLOYMENT_TARGET = 15.0;
				MTL_ENABLE_DEBUG_INFO = INCLUDE_SOURCE;
				MTL_FAST_MATH = YES;
				ONLY_ACTIVE_ARCH = YES;
				OTHER_SWIFT_FLAGS = "-D EMULATORS";
				SDKROOT = iphoneos;
				SWIFT_ACTIVE_COMPILATION_CONDITIONS = DEBUG;
				SWIFT_OPTIMIZATION_LEVEL = "-Onone";
			};
			name = Emulators;
		};
		A527AC99277E1CE0002132D4 /* Emulators */ = {
			isa = XCBuildConfiguration;
			buildSettings = {
				ASSETCATALOG_COMPILER_APPICON_NAME = AppIcon;
				ASSETCATALOG_COMPILER_GLOBAL_ACCENT_COLOR_NAME = AccentColor;
				CODE_SIGN_ENTITLEMENTS = "roomInt-app/roomInt-app.entitlements";
				CODE_SIGN_STYLE = Automatic;
				CURRENT_PROJECT_VERSION = 1;
				DEVELOPMENT_ASSET_PATHS = "\"roomInt-app/Preview Content\"";
				DEVELOPMENT_TEAM = 4VR7S48W5N;
				ENABLE_PREVIEWS = YES;
				GENERATE_INFOPLIST_FILE = YES;
				INFOPLIST_KEY_UIApplicationSceneManifest_Generation = YES;
				INFOPLIST_KEY_UIApplicationSupportsIndirectInputEvents = YES;
				INFOPLIST_KEY_UILaunchScreen_Generation = YES;
				INFOPLIST_KEY_UISupportedInterfaceOrientations_iPad = "UIInterfaceOrientationPortrait UIInterfaceOrientationPortraitUpsideDown UIInterfaceOrientationLandscapeLeft UIInterfaceOrientationLandscapeRight";
				INFOPLIST_KEY_UISupportedInterfaceOrientations_iPhone = "UIInterfaceOrientationPortrait UIInterfaceOrientationLandscapeLeft UIInterfaceOrientationLandscapeRight";
				IPHONEOS_DEPLOYMENT_TARGET = 14.0;
				LD_RUNPATH_SEARCH_PATHS = (
					"$(inherited)",
					"@executable_path/Frameworks",
				);
				MARKETING_VERSION = 1.0;
				PRODUCT_BUNDLE_IDENTIFIER = "com.rangga.roomInt-app";
				PRODUCT_NAME = "$(TARGET_NAME)";
				SWIFT_EMIT_LOC_STRINGS = YES;
				SWIFT_VERSION = 5.0;
				TARGETED_DEVICE_FAMILY = "1,2";
			};
			name = Emulators;
		};
		AE37C69C273A1DB500B5B320 /* Debug */ = {
			isa = XCBuildConfiguration;
			buildSettings = {
				ALWAYS_SEARCH_USER_PATHS = NO;
				CLANG_ANALYZER_NONNULL = YES;
				CLANG_ANALYZER_NUMBER_OBJECT_CONVERSION = YES_AGGRESSIVE;
				CLANG_CXX_LANGUAGE_STANDARD = "gnu++17";
				CLANG_CXX_LIBRARY = "libc++";
				CLANG_ENABLE_MODULES = YES;
				CLANG_ENABLE_OBJC_ARC = YES;
				CLANG_ENABLE_OBJC_WEAK = YES;
				CLANG_WARN_BLOCK_CAPTURE_AUTORELEASING = YES;
				CLANG_WARN_BOOL_CONVERSION = YES;
				CLANG_WARN_COMMA = YES;
				CLANG_WARN_CONSTANT_CONVERSION = YES;
				CLANG_WARN_DEPRECATED_OBJC_IMPLEMENTATIONS = YES;
				CLANG_WARN_DIRECT_OBJC_ISA_USAGE = YES_ERROR;
				CLANG_WARN_DOCUMENTATION_COMMENTS = YES;
				CLANG_WARN_EMPTY_BODY = YES;
				CLANG_WARN_ENUM_CONVERSION = YES;
				CLANG_WARN_INFINITE_RECURSION = YES;
				CLANG_WARN_INT_CONVERSION = YES;
				CLANG_WARN_NON_LITERAL_NULL_CONVERSION = YES;
				CLANG_WARN_OBJC_IMPLICIT_RETAIN_SELF = YES;
				CLANG_WARN_OBJC_LITERAL_CONVERSION = YES;
				CLANG_WARN_OBJC_ROOT_CLASS = YES_ERROR;
				CLANG_WARN_QUOTED_INCLUDE_IN_FRAMEWORK_HEADER = YES;
				CLANG_WARN_RANGE_LOOP_ANALYSIS = YES;
				CLANG_WARN_STRICT_PROTOTYPES = YES;
				CLANG_WARN_SUSPICIOUS_MOVE = YES;
				CLANG_WARN_UNGUARDED_AVAILABILITY = YES_AGGRESSIVE;
				CLANG_WARN_UNREACHABLE_CODE = YES;
				CLANG_WARN__DUPLICATE_METHOD_MATCH = YES;
				COPY_PHASE_STRIP = NO;
				DEBUG_INFORMATION_FORMAT = dwarf;
				ENABLE_STRICT_OBJC_MSGSEND = YES;
				ENABLE_TESTABILITY = YES;
				GCC_C_LANGUAGE_STANDARD = gnu11;
				GCC_DYNAMIC_NO_PIC = NO;
				GCC_NO_COMMON_BLOCKS = YES;
				GCC_OPTIMIZATION_LEVEL = 0;
				GCC_PREPROCESSOR_DEFINITIONS = (
					"DEBUG=1",
					"$(inherited)",
				);
				GCC_WARN_64_TO_32_BIT_CONVERSION = YES;
				GCC_WARN_ABOUT_RETURN_TYPE = YES_ERROR;
				GCC_WARN_UNDECLARED_SELECTOR = YES;
				GCC_WARN_UNINITIALIZED_AUTOS = YES_AGGRESSIVE;
				GCC_WARN_UNUSED_FUNCTION = YES;
				GCC_WARN_UNUSED_VARIABLE = YES;
				IPHONEOS_DEPLOYMENT_TARGET = 15.0;
				MTL_ENABLE_DEBUG_INFO = INCLUDE_SOURCE;
				MTL_FAST_MATH = YES;
				ONLY_ACTIVE_ARCH = YES;
				SDKROOT = iphoneos;
				SWIFT_ACTIVE_COMPILATION_CONDITIONS = DEBUG;
				SWIFT_OPTIMIZATION_LEVEL = "-Onone";
			};
			name = Debug;
		};
		AE37C69D273A1DB500B5B320 /* Release */ = {
			isa = XCBuildConfiguration;
			buildSettings = {
				ALWAYS_SEARCH_USER_PATHS = NO;
				CLANG_ANALYZER_NONNULL = YES;
				CLANG_ANALYZER_NUMBER_OBJECT_CONVERSION = YES_AGGRESSIVE;
				CLANG_CXX_LANGUAGE_STANDARD = "gnu++17";
				CLANG_CXX_LIBRARY = "libc++";
				CLANG_ENABLE_MODULES = YES;
				CLANG_ENABLE_OBJC_ARC = YES;
				CLANG_ENABLE_OBJC_WEAK = YES;
				CLANG_WARN_BLOCK_CAPTURE_AUTORELEASING = YES;
				CLANG_WARN_BOOL_CONVERSION = YES;
				CLANG_WARN_COMMA = YES;
				CLANG_WARN_CONSTANT_CONVERSION = YES;
				CLANG_WARN_DEPRECATED_OBJC_IMPLEMENTATIONS = YES;
				CLANG_WARN_DIRECT_OBJC_ISA_USAGE = YES_ERROR;
				CLANG_WARN_DOCUMENTATION_COMMENTS = YES;
				CLANG_WARN_EMPTY_BODY = YES;
				CLANG_WARN_ENUM_CONVERSION = YES;
				CLANG_WARN_INFINITE_RECURSION = YES;
				CLANG_WARN_INT_CONVERSION = YES;
				CLANG_WARN_NON_LITERAL_NULL_CONVERSION = YES;
				CLANG_WARN_OBJC_IMPLICIT_RETAIN_SELF = YES;
				CLANG_WARN_OBJC_LITERAL_CONVERSION = YES;
				CLANG_WARN_OBJC_ROOT_CLASS = YES_ERROR;
				CLANG_WARN_QUOTED_INCLUDE_IN_FRAMEWORK_HEADER = YES;
				CLANG_WARN_RANGE_LOOP_ANALYSIS = YES;
				CLANG_WARN_STRICT_PROTOTYPES = YES;
				CLANG_WARN_SUSPICIOUS_MOVE = YES;
				CLANG_WARN_UNGUARDED_AVAILABILITY = YES_AGGRESSIVE;
				CLANG_WARN_UNREACHABLE_CODE = YES;
				CLANG_WARN__DUPLICATE_METHOD_MATCH = YES;
				COPY_PHASE_STRIP = NO;
				DEBUG_INFORMATION_FORMAT = "dwarf-with-dsym";
				ENABLE_NS_ASSERTIONS = NO;
				ENABLE_STRICT_OBJC_MSGSEND = YES;
				GCC_C_LANGUAGE_STANDARD = gnu11;
				GCC_NO_COMMON_BLOCKS = YES;
				GCC_WARN_64_TO_32_BIT_CONVERSION = YES;
				GCC_WARN_ABOUT_RETURN_TYPE = YES_ERROR;
				GCC_WARN_UNDECLARED_SELECTOR = YES;
				GCC_WARN_UNINITIALIZED_AUTOS = YES_AGGRESSIVE;
				GCC_WARN_UNUSED_FUNCTION = YES;
				GCC_WARN_UNUSED_VARIABLE = YES;
				IPHONEOS_DEPLOYMENT_TARGET = 15.0;
				MTL_ENABLE_DEBUG_INFO = NO;
				MTL_FAST_MATH = YES;
				SDKROOT = iphoneos;
				SWIFT_COMPILATION_MODE = wholemodule;
				SWIFT_OPTIMIZATION_LEVEL = "-O";
				VALIDATE_PRODUCT = YES;
			};
			name = Release;
		};
		AE37C69F273A1DB500B5B320 /* Debug */ = {
			isa = XCBuildConfiguration;
			buildSettings = {
				ASSETCATALOG_COMPILER_APPICON_NAME = AppIcon;
				ASSETCATALOG_COMPILER_GLOBAL_ACCENT_COLOR_NAME = AccentColor;
				CODE_SIGN_ENTITLEMENTS = "roomInt-app/roomInt-app.entitlements";
				CODE_SIGN_STYLE = Automatic;
				CURRENT_PROJECT_VERSION = 1;
				DEVELOPMENT_ASSET_PATHS = "\"roomInt-app/Preview Content\"";
				DEVELOPMENT_TEAM = 4VR7S48W5N;
				ENABLE_PREVIEWS = YES;
				GENERATE_INFOPLIST_FILE = YES;
				INFOPLIST_KEY_UIApplicationSceneManifest_Generation = YES;
				INFOPLIST_KEY_UIApplicationSupportsIndirectInputEvents = YES;
				INFOPLIST_KEY_UILaunchScreen_Generation = YES;
				INFOPLIST_KEY_UISupportedInterfaceOrientations_iPad = "UIInterfaceOrientationPortrait UIInterfaceOrientationPortraitUpsideDown UIInterfaceOrientationLandscapeLeft UIInterfaceOrientationLandscapeRight";
				INFOPLIST_KEY_UISupportedInterfaceOrientations_iPhone = "UIInterfaceOrientationPortrait UIInterfaceOrientationLandscapeLeft UIInterfaceOrientationLandscapeRight";
				IPHONEOS_DEPLOYMENT_TARGET = 15.0;
				LD_RUNPATH_SEARCH_PATHS = (
					"$(inherited)",
					"@executable_path/Frameworks",
				);
				MARKETING_VERSION = 1.0;
				PRODUCT_BUNDLE_IDENTIFIER = "com.rangga.roomInt-app";
				PRODUCT_NAME = "$(TARGET_NAME)";
				SWIFT_EMIT_LOC_STRINGS = YES;
				SWIFT_VERSION = 5.0;
				TARGETED_DEVICE_FAMILY = "1,2";
			};
			name = Debug;
		};
		AE37C6A0273A1DB500B5B320 /* Release */ = {
			isa = XCBuildConfiguration;
			buildSettings = {
				ASSETCATALOG_COMPILER_APPICON_NAME = AppIcon;
				ASSETCATALOG_COMPILER_GLOBAL_ACCENT_COLOR_NAME = AccentColor;
				CODE_SIGN_ENTITLEMENTS = "roomInt-app/roomInt-app.entitlements";
				CODE_SIGN_STYLE = Automatic;
				CURRENT_PROJECT_VERSION = 1;
				DEVELOPMENT_ASSET_PATHS = "\"roomInt-app/Preview Content\"";
				DEVELOPMENT_TEAM = 4VR7S48W5N;
				ENABLE_PREVIEWS = YES;
				GENERATE_INFOPLIST_FILE = YES;
				INFOPLIST_KEY_UIApplicationSceneManifest_Generation = YES;
				INFOPLIST_KEY_UIApplicationSupportsIndirectInputEvents = YES;
				INFOPLIST_KEY_UILaunchScreen_Generation = YES;
				INFOPLIST_KEY_UISupportedInterfaceOrientations_iPad = "UIInterfaceOrientationPortrait UIInterfaceOrientationPortraitUpsideDown UIInterfaceOrientationLandscapeLeft UIInterfaceOrientationLandscapeRight";
				INFOPLIST_KEY_UISupportedInterfaceOrientations_iPhone = "UIInterfaceOrientationPortrait UIInterfaceOrientationLandscapeLeft UIInterfaceOrientationLandscapeRight";
				IPHONEOS_DEPLOYMENT_TARGET = 15.0;
				LD_RUNPATH_SEARCH_PATHS = (
					"$(inherited)",
					"@executable_path/Frameworks",
				);
				MARKETING_VERSION = 1.0;
				PRODUCT_BUNDLE_IDENTIFIER = "com.rangga.roomInt-app";
				PRODUCT_NAME = "$(TARGET_NAME)";
				SWIFT_EMIT_LOC_STRINGS = YES;
				SWIFT_VERSION = 5.0;
				TARGETED_DEVICE_FAMILY = "1,2";
			};
			name = Release;
		};
/* End XCBuildConfiguration section */

/* Begin XCConfigurationList section */
		AE37C68B273A1DB400B5B320 /* Build configuration list for PBXProject "roomInt-app" */ = {
			isa = XCConfigurationList;
			buildConfigurations = (
				AE37C69C273A1DB500B5B320 /* Debug */,
				A527AC98277E1CE0002132D4 /* Emulators */,
				AE37C69D273A1DB500B5B320 /* Release */,
			);
			defaultConfigurationIsVisible = 0;
			defaultConfigurationName = Release;
		};
		AE37C69E273A1DB500B5B320 /* Build configuration list for PBXNativeTarget "roomInt-app" */ = {
			isa = XCConfigurationList;
			buildConfigurations = (
				AE37C69F273A1DB500B5B320 /* Debug */,
				A527AC99277E1CE0002132D4 /* Emulators */,
				AE37C6A0273A1DB500B5B320 /* Release */,
			);
			defaultConfigurationIsVisible = 0;
			defaultConfigurationName = Release;
		};
/* End XCConfigurationList section */

/* Begin XCRemoteSwiftPackageReference section */
		AE4603EF2783B730009C11BB /* XCRemoteSwiftPackageReference "firebase-ios-sdk" */ = {
			isa = XCRemoteSwiftPackageReference;
			repositoryURL = "https://github.com/firebase/firebase-ios-sdk.git";
			requirement = {
				branch = master;
				kind = branch;
			};
		};
		AE4604202783E8E9009C11BB /* XCRemoteSwiftPackageReference "SDWebImageSwiftUI" */ = {
			isa = XCRemoteSwiftPackageReference;
			repositoryURL = "https://github.com/SDWebImage/SDWebImageSwiftUI.git";
			requirement = {
				kind = upToNextMajorVersion;
				minimumVersion = 2.0.0;
			};
		};
		AE4604302784A4B1009C11BB /* XCRemoteSwiftPackageReference "LoadingButton" */ = {
			isa = XCRemoteSwiftPackageReference;
			repositoryURL = "https://github.com/Changemin/LoadingButton";
			requirement = {
				kind = upToNextMajorVersion;
				minimumVersion = 1.0.0;
			};
		};
/* End XCRemoteSwiftPackageReference section */

/* Begin XCSwiftPackageProductDependency section */
		AE4603F02783B730009C11BB /* FirebaseAnalytics */ = {
			isa = XCSwiftPackageProductDependency;
			package = AE4603EF2783B730009C11BB /* XCRemoteSwiftPackageReference "firebase-ios-sdk" */;
			productName = FirebaseAnalytics;
		};
		AE4603F22783B730009C11BB /* FirebaseAnalyticsSwift-Beta */ = {
			isa = XCSwiftPackageProductDependency;
			package = AE4603EF2783B730009C11BB /* XCRemoteSwiftPackageReference "firebase-ios-sdk" */;
			productName = "FirebaseAnalyticsSwift-Beta";
		};
		AE4603F42783B730009C11BB /* FirebaseAppCheck */ = {
			isa = XCSwiftPackageProductDependency;
			package = AE4603EF2783B730009C11BB /* XCRemoteSwiftPackageReference "firebase-ios-sdk" */;
			productName = FirebaseAppCheck;
		};
		AE4603F62783B730009C11BB /* FirebaseAppDistribution-Beta */ = {
			isa = XCSwiftPackageProductDependency;
			package = AE4603EF2783B730009C11BB /* XCRemoteSwiftPackageReference "firebase-ios-sdk" */;
			productName = "FirebaseAppDistribution-Beta";
		};
		AE4603F82783B730009C11BB /* FirebaseAuth */ = {
			isa = XCSwiftPackageProductDependency;
			package = AE4603EF2783B730009C11BB /* XCRemoteSwiftPackageReference "firebase-ios-sdk" */;
			productName = FirebaseAuth;
		};
		AE4603FA2783B730009C11BB /* FirebaseDatabase */ = {
			isa = XCSwiftPackageProductDependency;
			package = AE4603EF2783B730009C11BB /* XCRemoteSwiftPackageReference "firebase-ios-sdk" */;
			productName = FirebaseDatabase;
		};
		AE4603FC2783B730009C11BB /* FirebaseDatabaseSwift-Beta */ = {
			isa = XCSwiftPackageProductDependency;
			package = AE4603EF2783B730009C11BB /* XCRemoteSwiftPackageReference "firebase-ios-sdk" */;
			productName = "FirebaseDatabaseSwift-Beta";
		};
		AE4603FE2783B730009C11BB /* FirebaseDynamicLinks */ = {
			isa = XCSwiftPackageProductDependency;
			package = AE4603EF2783B730009C11BB /* XCRemoteSwiftPackageReference "firebase-ios-sdk" */;
			productName = FirebaseDynamicLinks;
		};
		AE4604002783B730009C11BB /* FirebaseFirestore */ = {
			isa = XCSwiftPackageProductDependency;
			package = AE4603EF2783B730009C11BB /* XCRemoteSwiftPackageReference "firebase-ios-sdk" */;
			productName = FirebaseFirestore;
		};
		AE4604022783B730009C11BB /* FirebaseFirestoreCombine-Community */ = {
			isa = XCSwiftPackageProductDependency;
			package = AE4603EF2783B730009C11BB /* XCRemoteSwiftPackageReference "firebase-ios-sdk" */;
			productName = "FirebaseFirestoreCombine-Community";
		};
		AE4604042783B730009C11BB /* FirebaseFirestoreSwift-Beta */ = {
			isa = XCSwiftPackageProductDependency;
			package = AE4603EF2783B730009C11BB /* XCRemoteSwiftPackageReference "firebase-ios-sdk" */;
			productName = "FirebaseFirestoreSwift-Beta";
		};
		AE4604062783B730009C11BB /* FirebaseFunctions */ = {
			isa = XCSwiftPackageProductDependency;
			package = AE4603EF2783B730009C11BB /* XCRemoteSwiftPackageReference "firebase-ios-sdk" */;
			productName = FirebaseFunctions;
		};
		AE4604082783B730009C11BB /* FirebaseFunctionsSwift-Beta */ = {
			isa = XCSwiftPackageProductDependency;
			package = AE4603EF2783B730009C11BB /* XCRemoteSwiftPackageReference "firebase-ios-sdk" */;
			productName = "FirebaseFunctionsSwift-Beta";
		};
		AE46040A2783B730009C11BB /* FirebaseInAppMessaging-Beta */ = {
			isa = XCSwiftPackageProductDependency;
			package = AE4603EF2783B730009C11BB /* XCRemoteSwiftPackageReference "firebase-ios-sdk" */;
			productName = "FirebaseInAppMessaging-Beta";
		};
		AE46040C2783B730009C11BB /* FirebaseInAppMessagingSwift-Beta */ = {
			isa = XCSwiftPackageProductDependency;
			package = AE4603EF2783B730009C11BB /* XCRemoteSwiftPackageReference "firebase-ios-sdk" */;
			productName = "FirebaseInAppMessagingSwift-Beta";
		};
		AE46040E2783B730009C11BB /* FirebaseInstallations */ = {
			isa = XCSwiftPackageProductDependency;
			package = AE4603EF2783B730009C11BB /* XCRemoteSwiftPackageReference "firebase-ios-sdk" */;
			productName = FirebaseInstallations;
		};
		AE4604102783B730009C11BB /* FirebaseMessaging */ = {
			isa = XCSwiftPackageProductDependency;
			package = AE4603EF2783B730009C11BB /* XCRemoteSwiftPackageReference "firebase-ios-sdk" */;
			productName = FirebaseMessaging;
		};
		AE4604122783B730009C11BB /* FirebasePerformance */ = {
			isa = XCSwiftPackageProductDependency;
			package = AE4603EF2783B730009C11BB /* XCRemoteSwiftPackageReference "firebase-ios-sdk" */;
			productName = FirebasePerformance;
		};
		AE4604142783B730009C11BB /* FirebaseRemoteConfig */ = {
			isa = XCSwiftPackageProductDependency;
			package = AE4603EF2783B730009C11BB /* XCRemoteSwiftPackageReference "firebase-ios-sdk" */;
			productName = FirebaseRemoteConfig;
		};
		AE4604162783B730009C11BB /* FirebaseStorage */ = {
			isa = XCSwiftPackageProductDependency;
			package = AE4603EF2783B730009C11BB /* XCRemoteSwiftPackageReference "firebase-ios-sdk" */;
			productName = FirebaseStorage;
		};
		AE4604182783B730009C11BB /* FirebaseStorageSwift-Beta */ = {
			isa = XCSwiftPackageProductDependency;
			package = AE4603EF2783B730009C11BB /* XCRemoteSwiftPackageReference "firebase-ios-sdk" */;
			productName = "FirebaseStorageSwift-Beta";
		};
		AE4604212783E8E9009C11BB /* SDWebImageSwiftUI */ = {
			isa = XCSwiftPackageProductDependency;
			package = AE4604202783E8E9009C11BB /* XCRemoteSwiftPackageReference "SDWebImageSwiftUI" */;
			productName = SDWebImageSwiftUI;
		};
		AE4604312784A4B1009C11BB /* LoadingButton */ = {
			isa = XCSwiftPackageProductDependency;
			package = AE4604302784A4B1009C11BB /* XCRemoteSwiftPackageReference "LoadingButton" */;
			productName = LoadingButton;
		};
/* End XCSwiftPackageProductDependency section */
	};
	rootObject = AE37C688273A1DB400B5B320 /* Project object */;
}
